// !$*UTF8*$!
{
	archiveVersion = 1;
	classes = {
	};
	objectVersion = 56;
	objects = {

/* Begin PBXBuildFile section */
		C50BDB64299FB55400F59576 /* ToggleView.swift in Sources */ = {isa = PBXBuildFile; fileRef = C50BDB63299FB55400F59576 /* ToggleView.swift */; };
		C5107CFE29B195490062B210 /* MenuMainView.swift in Sources */ = {isa = PBXBuildFile; fileRef = C5107CFD29B195490062B210 /* MenuMainView.swift */; };
		C5107D0129B2143D0062B210 /* FileManagerScreen.swift in Sources */ = {isa = PBXBuildFile; fileRef = C5107D0029B2143D0062B210 /* FileManagerScreen.swift */; };
		C517E626298EC6160048C920 /* OUser.swift in Sources */ = {isa = PBXBuildFile; fileRef = C517E625298EC6160048C920 /* OUser.swift */; };
		C517E628298EC6270048C920 /* OContentView.swift in Sources */ = {isa = PBXBuildFile; fileRef = C517E627298EC6270048C920 /* OContentView.swift */; };
		C517E62A298EC6440048C920 /* OAnotherView.swift in Sources */ = {isa = PBXBuildFile; fileRef = C517E629298EC6440048C920 /* OAnotherView.swift */; };
		C517E62C298EC83E0048C920 /* OUserWrapper.swift in Sources */ = {isa = PBXBuildFile; fileRef = C517E62B298EC83E0048C920 /* OUserWrapper.swift */; };
		C517E647298F8BC30048C920 /* SContentView.swift in Sources */ = {isa = PBXBuildFile; fileRef = C517E646298F8BC30048C920 /* SContentView.swift */; };
		C517E649298F8BD70048C920 /* SViewModel.swift in Sources */ = {isa = PBXBuildFile; fileRef = C517E648298F8BD70048C920 /* SViewModel.swift */; };
		C517E64B298F8D930048C920 /* SRandomNumberView.swift in Sources */ = {isa = PBXBuildFile; fileRef = C517E64A298F8D930048C920 /* SRandomNumberView.swift */; };
		C517E64D298FC22D0048C920 /* TextView.swift in Sources */ = {isa = PBXBuildFile; fileRef = C517E64C298FC22D0048C920 /* TextView.swift */; };
		C51A6FA129865C5A0020733A /* MVVMTFV.swift in Sources */ = {isa = PBXBuildFile; fileRef = C51A6FA029865C5A0020733A /* MVVMTFV.swift */; };
		C51A6FA329865C880020733A /* MVVMVM.swift in Sources */ = {isa = PBXBuildFile; fileRef = C51A6FA229865C880020733A /* MVVMVM.swift */; };
		C51A6FA529865D140020733A /* MVVMM.swift in Sources */ = {isa = PBXBuildFile; fileRef = C51A6FA429865D140020733A /* MVVMM.swift */; };
		C51A6FA729865DF90020733A /* MVVMDV.swift in Sources */ = {isa = PBXBuildFile; fileRef = C51A6FA629865DF90020733A /* MVVMDV.swift */; };
		C51A6FA929865E5D0020733A /* MVVMMV.swift in Sources */ = {isa = PBXBuildFile; fileRef = C51A6FA829865E5D0020733A /* MVVMMV.swift */; };
		C522B0B529E6E09900B1DDE6 /* LinkView.swift in Sources */ = {isa = PBXBuildFile; fileRef = C522B0B429E6E09900B1DDE6 /* LinkView.swift */; };
		C52C4B7429B7221000454CB1 /* SpacerView.swift in Sources */ = {isa = PBXBuildFile; fileRef = C52C4B7329B7221000454CB1 /* SpacerView.swift */; };
		C5399A9229D05A88000A5C5C /* PopupView in Frameworks */ = {isa = PBXBuildFile; productRef = C5399A9129D05A88000A5C5C /* PopupView */; };
		C539BD29295AB4160034C2B0 /* AlertView.swift in Sources */ = {isa = PBXBuildFile; fileRef = C539BD28295AB4160034C2B0 /* AlertView.swift */; };
		C539BD2D295AB8D70034C2B0 /* CountingButton.swift in Sources */ = {isa = PBXBuildFile; fileRef = C539BD2C295AB8D70034C2B0 /* CountingButton.swift */; };
		C539BD2F295AE9C10034C2B0 /* TextFieldView.swift in Sources */ = {isa = PBXBuildFile; fileRef = C539BD2E295AE9C10034C2B0 /* TextFieldView.swift */; };
		C539BD31295B1EFF0034C2B0 /* PickerView.swift in Sources */ = {isa = PBXBuildFile; fileRef = C539BD30295B1EFF0034C2B0 /* PickerView.swift */; };
		C539BD33295B23C30034C2B0 /* CurrencyView.swift in Sources */ = {isa = PBXBuildFile; fileRef = C539BD32295B23C30034C2B0 /* CurrencyView.swift */; };
		C539BD36295BE6320034C2B0 /* StackView.swift in Sources */ = {isa = PBXBuildFile; fileRef = C539BD35295BE6320034C2B0 /* StackView.swift */; };
		C539BD38295BE81C0034C2B0 /* ColorAndFrameView.swift in Sources */ = {isa = PBXBuildFile; fileRef = C539BD37295BE81C0034C2B0 /* ColorAndFrameView.swift */; };
		C539BD3A295BEA290034C2B0 /* SearchBarView.swift in Sources */ = {isa = PBXBuildFile; fileRef = C539BD39295BEA290034C2B0 /* SearchBarView.swift */; };
		C539BD3D295BEA760034C2B0 /* EmojiProvider.swift in Sources */ = {isa = PBXBuildFile; fileRef = C539BD3C295BEA760034C2B0 /* EmojiProvider.swift */; };
		C5447CD229FB62DF00205902 /* LocalNotifications.swift in Sources */ = {isa = PBXBuildFile; fileRef = C5447CD129FB62DF00205902 /* LocalNotifications.swift */; };
		C5447CD429FB636B00205902 /* LocalNotificationManager.swift in Sources */ = {isa = PBXBuildFile; fileRef = C5447CD329FB636B00205902 /* LocalNotificationManager.swift */; };
		C556177129D854AA00001527 /* ShowingAndHidingView.swift in Sources */ = {isa = PBXBuildFile; fileRef = C556177029D854AA00001527 /* ShowingAndHidingView.swift */; };
		C556177629DAADB400001527 /* SACView.swift in Sources */ = {isa = PBXBuildFile; fileRef = C556177529DAADB400001527 /* SACView.swift */; };
		C5592B6F298B7E54001010D6 /* UIGram.swift in Sources */ = {isa = PBXBuildFile; fileRef = C5592B6E298B7E54001010D6 /* UIGram.swift */; };
		C5592B71298B8062001010D6 /* JMyWebview.swift in Sources */ = {isa = PBXBuildFile; fileRef = C5592B70298B8062001010D6 /* JMyWebview.swift */; };
		C5592B74298B83A0001010D6 /* JWebContentView.swift in Sources */ = {isa = PBXBuildFile; fileRef = C5592B73298B83A0001010D6 /* JWebContentView.swift */; };
		C5592B77298B85B6001010D6 /* JTextContentView.swift in Sources */ = {isa = PBXBuildFile; fileRef = C5592B76298B85B6001010D6 /* JTextContentView.swift */; };
		C5592B79298B9675001010D6 /* JGeometryReader.swift in Sources */ = {isa = PBXBuildFile; fileRef = C5592B78298B9675001010D6 /* JGeometryReader.swift */; };
		C5592B7C298BBD1F001010D6 /* JTapView.swift in Sources */ = {isa = PBXBuildFile; fileRef = C5592B7B298BBD1F001010D6 /* JTapView.swift */; };
		C5592B7E298BBE71001010D6 /* JTabViewColor.swift in Sources */ = {isa = PBXBuildFile; fileRef = C5592B7D298BBE71001010D6 /* JTabViewColor.swift */; };
		C5592B80298BCCEB001010D6 /* QRReaderView.swift in Sources */ = {isa = PBXBuildFile; fileRef = C5592B7F298BCCEB001010D6 /* QRReaderView.swift */; };
		C5592B83298BCD2D001010D6 /* CodeScanner in Frameworks */ = {isa = PBXBuildFile; productRef = C5592B82298BCD2D001010D6 /* CodeScanner */; };
		C55F82DC29A6ED2500D440A4 /* SwiftUITooltip in Frameworks */ = {isa = PBXBuildFile; productRef = C55F82DB29A6ED2500D440A4 /* SwiftUITooltip */; };
		C55F82DE29A6ED3E00D440A4 /* ToolTipView.swift in Sources */ = {isa = PBXBuildFile; fileRef = C55F82DD29A6ED3E00D440A4 /* ToolTipView.swift */; };
		C56108C229BB312800777D3E /* FluxView.swift in Sources */ = {isa = PBXBuildFile; fileRef = C56108C129BB312700777D3E /* FluxView.swift */; };
		C5648DEB295AA2DE00322231 /* SwiftUIStudyApp.swift in Sources */ = {isa = PBXBuildFile; fileRef = C5648DEA295AA2DE00322231 /* SwiftUIStudyApp.swift */; };
		C5648DED295AA2DE00322231 /* ContentView.swift in Sources */ = {isa = PBXBuildFile; fileRef = C5648DEC295AA2DE00322231 /* ContentView.swift */; };
		C5648DEF295AA2E000322231 /* Assets.xcassets in Resources */ = {isa = PBXBuildFile; fileRef = C5648DEE295AA2E000322231 /* Assets.xcassets */; };
		C5648DF2295AA2E000322231 /* Preview Assets.xcassets in Resources */ = {isa = PBXBuildFile; fileRef = C5648DF1295AA2E000322231 /* Preview Assets.xcassets */; };
		C56D6BCA29B8A2D6002C24D1 /* CSumView.swift in Sources */ = {isa = PBXBuildFile; fileRef = C56D6BC929B8A2D6002C24D1 /* CSumView.swift */; };
		C56D6BCE29B8A322002C24D1 /* CCulcModel.swift in Sources */ = {isa = PBXBuildFile; fileRef = C56D6BCD29B8A322002C24D1 /* CCulcModel.swift */; };
		C58A8451296485DE00FB6644 /* GuessTheFlag.swift in Sources */ = {isa = PBXBuildFile; fileRef = C58A8450296485DE00FB6644 /* GuessTheFlag.swift */; };
		C58A84532964A64300FB6644 /* ViewAndModifiers.swift in Sources */ = {isa = PBXBuildFile; fileRef = C58A84522964A64300FB6644 /* ViewAndModifiers.swift */; };
		C58B8A8529A34A0400C8A064 /* ListView.swift in Sources */ = {isa = PBXBuildFile; fileRef = C58B8A8429A34A0400C8A064 /* ListView.swift */; };
		C58B8A8B29A3551900C8A064 /* WordScramble.swift in Sources */ = {isa = PBXBuildFile; fileRef = C58B8A8A29A3551900C8A064 /* WordScramble.swift */; };
		C58B8A8F29A3589A00C8A064 /* start.txt in Resources */ = {isa = PBXBuildFile; fileRef = C58B8A8E29A3589A00C8A064 /* start.txt */; };
		C59191D829E2BFC400DAB502 /* JFilteredList.swift in Sources */ = {isa = PBXBuildFile; fileRef = C59191D729E2BFC400DAB502 /* JFilteredList.swift */; };
		C59191DD29E4EBC400DAB502 /* EnumNaviLink.swift in Sources */ = {isa = PBXBuildFile; fileRef = C59191DC29E4EBC400DAB502 /* EnumNaviLink.swift */; };
		C59191DF29E4EF6400DAB502 /* EnumSetting.swift in Sources */ = {isa = PBXBuildFile; fileRef = C59191DE29E4EF6400DAB502 /* EnumSetting.swift */; };
		C596E0C129C206E5008E1FF8 /* ButtonStyleView.swift in Sources */ = {isa = PBXBuildFile; fileRef = C596E0C029C206E5008E1FF8 /* ButtonStyleView.swift */; };
		C596E0C329C20725008E1FF8 /* MyButtonStyle.swift in Sources */ = {isa = PBXBuildFile; fileRef = C596E0C229C20725008E1FF8 /* MyButtonStyle.swift */; };
		C596E0C629C20DA9008E1FF8 /* PopupView.swift in Sources */ = {isa = PBXBuildFile; fileRef = C596E0C529C20DA9008E1FF8 /* PopupView.swift */; };
		C59F999E296EFBBC003489AF /* TabMainView.swift in Sources */ = {isa = PBXBuildFile; fileRef = C59F999D296EFBBC003489AF /* TabMainView.swift */; };
		C59F99A2296EFBC9003489AF /* SettingsView.swift in Sources */ = {isa = PBXBuildFile; fileRef = C59F99A1296EFBC9003489AF /* SettingsView.swift */; };
		C59F99A4296EFBD2003489AF /* JournalView.swift in Sources */ = {isa = PBXBuildFile; fileRef = C59F99A3296EFBD2003489AF /* JournalView.swift */; };
		C59F99A7296EFC64003489AF /* AlternativeScene.swift in Sources */ = {isa = PBXBuildFile; fileRef = C59F99A6296EFC64003489AF /* AlternativeScene.swift */; };
		C59F99A9296EFC89003489AF /* AlternativeContentView.swift in Sources */ = {isa = PBXBuildFile; fileRef = C59F99A8296EFC89003489AF /* AlternativeContentView.swift */; };
		C59F99AD296EFFBA003489AF /* BasicAdaptableView.swift in Sources */ = {isa = PBXBuildFile; fileRef = C59F99AC296EFFBA003489AF /* BasicAdaptableView.swift */; };
		C59F99B1296F3946003489AF /* CustomContainerView.swift in Sources */ = {isa = PBXBuildFile; fileRef = C59F99B0296F3946003489AF /* CustomContainerView.swift */; };
		C59F99B4296F428A003489AF /* StepperView.swift in Sources */ = {isa = PBXBuildFile; fileRef = C59F99B3296F428A003489AF /* StepperView.swift */; };
		C59F99B6296F5CBB003489AF /* DatePickerView.swift in Sources */ = {isa = PBXBuildFile; fileRef = C59F99B5296F5CBB003489AF /* DatePickerView.swift */; };
		C59F99B8296F67BC003489AF /* DateView.swift in Sources */ = {isa = PBXBuildFile; fileRef = C59F99B7296F67BC003489AF /* DateView.swift */; };
		C5A8CBA0295D84B10096E2E6 /* GradientView.swift in Sources */ = {isa = PBXBuildFile; fileRef = C5A8CB9F295D84B10096E2E6 /* GradientView.swift */; };
		C5A8CBA2295E89BF0096E2E6 /* Todos.swift in Sources */ = {isa = PBXBuildFile; fileRef = C5A8CBA1295E89BF0096E2E6 /* Todos.swift */; };
		C5A8CBA72960AF700096E2E6 /* ButtonView.swift in Sources */ = {isa = PBXBuildFile; fileRef = C5A8CBA62960AF700096E2E6 /* ButtonView.swift */; };
		C5B05F7829AC74EE009B21B4 /* SheetView.swift in Sources */ = {isa = PBXBuildFile; fileRef = C5B05F7729AC74EE009B21B4 /* SheetView.swift */; };
		C5B05F7D29AF86A1009B21B4 /* PopoverView.swift in Sources */ = {isa = PBXBuildFile; fileRef = C5B05F7C29AF86A1009B21B4 /* PopoverView.swift */; };
		C5B05F7F29AF86B2009B21B4 /* PopoverMainView.swift in Sources */ = {isa = PBXBuildFile; fileRef = C5B05F7E29AF86B2009B21B4 /* PopoverMainView.swift */; };
		C5B05F8429AF88E5009B21B4 /* ModalView.swift in Sources */ = {isa = PBXBuildFile; fileRef = C5B05F8329AF88E5009B21B4 /* ModalView.swift */; };
		C5B05F8629AF88EC009B21B4 /* ModalMainView.swift in Sources */ = {isa = PBXBuildFile; fileRef = C5B05F8529AF88EC009B21B4 /* ModalMainView.swift */; };
		C5B05F8829AF8CE9009B21B4 /* PresentView.swift in Sources */ = {isa = PBXBuildFile; fileRef = C5B05F8729AF8CE9009B21B4 /* PresentView.swift */; };
		C5B0F840299688380043EA51 /* FileManagerView.swift in Sources */ = {isa = PBXBuildFile; fileRef = C5B0F83F299688380043EA51 /* FileManagerView.swift */; };
		C5B0F84C299A4E8E0043EA51 /* BindingView.swift in Sources */ = {isa = PBXBuildFile; fileRef = C5B0F84B299A4E8E0043EA51 /* BindingView.swift */; };
		C5B0F84E299A4E940043EA51 /* StateView.swift in Sources */ = {isa = PBXBuildFile; fileRef = C5B0F84D299A4E940043EA51 /* StateView.swift */; };
		C5B628A1298CA75100C96C9C /* VisionKitView.swift in Sources */ = {isa = PBXBuildFile; fileRef = C5B628A0298CA75100C96C9C /* VisionKitView.swift */; };
		C5B628A3298CA82F00C96C9C /* ScanData.swift in Sources */ = {isa = PBXBuildFile; fileRef = C5B628A2298CA82F00C96C9C /* ScanData.swift */; };
		C5B628A5298CA91700C96C9C /* ScannerView.swift in Sources */ = {isa = PBXBuildFile; fileRef = C5B628A4298CA91700C96C9C /* ScannerView.swift */; };
		C5B628A7298CAA6300C96C9C /* TextRecognizer.swift in Sources */ = {isa = PBXBuildFile; fileRef = C5B628A6298CAA6300C96C9C /* TextRecognizer.swift */; };
		C5B628A9298CFBA600C96C9C /* PhotosUIView.swift in Sources */ = {isa = PBXBuildFile; fileRef = C5B628A8298CFBA600C96C9C /* PhotosUIView.swift */; };
		C5BCBF1D29D455A8001D10C0 /* MultiplatformSampleCode.swift in Sources */ = {isa = PBXBuildFile; fileRef = C5BCBF1C29D455A8001D10C0 /* MultiplatformSampleCode.swift */; };
		C5CF708E2A94DD0D0091D5DB /* Champion.swift in Sources */ = {isa = PBXBuildFile; fileRef = C5CF708D2A94DD0D0091D5DB /* Champion.swift */; };
		C5CF70902A94DD2A0091D5DB /* DDViewModel.swift in Sources */ = {isa = PBXBuildFile; fileRef = C5CF708F2A94DD2A0091D5DB /* DDViewModel.swift */; };
		C5CF70922A94DD4C0091D5DB /* ChampionView.swift in Sources */ = {isa = PBXBuildFile; fileRef = C5CF70912A94DD4C0091D5DB /* ChampionView.swift */; };
		C5D7944929C830F800242C5A /* LocalizationView.swift in Sources */ = {isa = PBXBuildFile; fileRef = C5D7944829C830F800242C5A /* LocalizationView.swift */; };
		C5D9C9EA2987BB4C00AF757C /* APICallsPracticeView.swift in Sources */ = {isa = PBXBuildFile; fileRef = C5D9C9E92987BB4C00AF757C /* APICallsPracticeView.swift */; };
		C5D9C9EC2987BB8300AF757C /* APICallsViewModel.swift in Sources */ = {isa = PBXBuildFile; fileRef = C5D9C9EB2987BB8300AF757C /* APICallsViewModel.swift */; };
		C5D9C9EE2987BC3600AF757C /* APICallsModel.swift in Sources */ = {isa = PBXBuildFile; fileRef = C5D9C9ED2987BC3600AF757C /* APICallsModel.swift */; };
		C5D9C9F02987BED600AF757C /* APICallsImageView.swift in Sources */ = {isa = PBXBuildFile; fileRef = C5D9C9EF2987BED600AF757C /* APICallsImageView.swift */; };
		C5D9CA3D2988C0E800AF757C /* JContentView.swift in Sources */ = {isa = PBXBuildFile; fileRef = C5D9CA3C2988C0E800AF757C /* JContentView.swift */; };
		C5D9CA3F2988C24B00AF757C /* JMyVStackView.swift in Sources */ = {isa = PBXBuildFile; fileRef = C5D9CA3E2988C24B00AF757C /* JMyVStackView.swift */; };
		C5D9CA412988C8B100AF757C /* JMyTextView.swift in Sources */ = {isa = PBXBuildFile; fileRef = C5D9CA402988C8B100AF757C /* JMyTextView.swift */; };
		C5DF457F296E1C6400EEB686 /* MyNameView.swift in Sources */ = {isa = PBXBuildFile; fileRef = C5DF457E296E1C6400EEB686 /* MyNameView.swift */; };
		C5DF4581296E1CA600EEB686 /* MyImageView.swift in Sources */ = {isa = PBXBuildFile; fileRef = C5DF4580296E1CA600EEB686 /* MyImageView.swift */; };
		C5DF4583296E1D7C00EEB686 /* MapView.swift in Sources */ = {isa = PBXBuildFile; fileRef = C5DF4582296E1D7C00EEB686 /* MapView.swift */; };
		C5DF4585296E1F5900EEB686 /* ProfileView.swift in Sources */ = {isa = PBXBuildFile; fileRef = C5DF4584296E1F5900EEB686 /* ProfileView.swift */; };
		C5E2CE232975A641000E86AD /* IF삼항연산자.swift in Sources */ = {isa = PBXBuildFile; fileRef = C5E2CE222975A641000E86AD /* IF삼항연산자.swift */; };
		C5E2CE252976047D000E86AD /* testView.swift in Sources */ = {isa = PBXBuildFile; fileRef = C5E2CE242976047D000E86AD /* testView.swift */; };
		C5E2CE2C297D0D06000E86AD /* SearchView.swift in Sources */ = {isa = PBXBuildFile; fileRef = C5E2CE2B297D0D06000E86AD /* SearchView.swift */; };
		C5F409202992BC74001D5096 /* BetterRest.swift in Sources */ = {isa = PBXBuildFile; fileRef = C5F4091F2992BC74001D5096 /* BetterRest.swift */; };
		C5F409222992BEF2001D5096 /* SleepCalculator.mlmodel in Sources */ = {isa = PBXBuildFile; fileRef = C5F409212992BEF2001D5096 /* SleepCalculator.mlmodel */; };
/* End PBXBuildFile section */

/* Begin PBXFileReference section */
		C50BDB63299FB55400F59576 /* ToggleView.swift */ = {isa = PBXFileReference; lastKnownFileType = sourcecode.swift; path = ToggleView.swift; sourceTree = "<group>"; };
		C5107CFD29B195490062B210 /* MenuMainView.swift */ = {isa = PBXFileReference; lastKnownFileType = sourcecode.swift; path = MenuMainView.swift; sourceTree = "<group>"; };
		C5107D0029B2143D0062B210 /* FileManagerScreen.swift */ = {isa = PBXFileReference; lastKnownFileType = sourcecode.swift; path = FileManagerScreen.swift; sourceTree = "<group>"; };
		C517E625298EC6160048C920 /* OUser.swift */ = {isa = PBXFileReference; lastKnownFileType = sourcecode.swift; path = OUser.swift; sourceTree = "<group>"; };
		C517E627298EC6270048C920 /* OContentView.swift */ = {isa = PBXFileReference; lastKnownFileType = sourcecode.swift; path = OContentView.swift; sourceTree = "<group>"; };
		C517E629298EC6440048C920 /* OAnotherView.swift */ = {isa = PBXFileReference; lastKnownFileType = sourcecode.swift; path = OAnotherView.swift; sourceTree = "<group>"; };
		C517E62B298EC83E0048C920 /* OUserWrapper.swift */ = {isa = PBXFileReference; lastKnownFileType = sourcecode.swift; path = OUserWrapper.swift; sourceTree = "<group>"; };
		C517E646298F8BC30048C920 /* SContentView.swift */ = {isa = PBXFileReference; lastKnownFileType = sourcecode.swift; path = SContentView.swift; sourceTree = "<group>"; };
		C517E648298F8BD70048C920 /* SViewModel.swift */ = {isa = PBXFileReference; lastKnownFileType = sourcecode.swift; path = SViewModel.swift; sourceTree = "<group>"; };
		C517E64A298F8D930048C920 /* SRandomNumberView.swift */ = {isa = PBXFileReference; lastKnownFileType = sourcecode.swift; path = SRandomNumberView.swift; sourceTree = "<group>"; };
		C517E64C298FC22D0048C920 /* TextView.swift */ = {isa = PBXFileReference; lastKnownFileType = sourcecode.swift; path = TextView.swift; sourceTree = "<group>"; };
		C51A6FA029865C5A0020733A /* MVVMTFV.swift */ = {isa = PBXFileReference; lastKnownFileType = sourcecode.swift; path = MVVMTFV.swift; sourceTree = "<group>"; };
		C51A6FA229865C880020733A /* MVVMVM.swift */ = {isa = PBXFileReference; lastKnownFileType = sourcecode.swift; path = MVVMVM.swift; sourceTree = "<group>"; };
		C51A6FA429865D140020733A /* MVVMM.swift */ = {isa = PBXFileReference; lastKnownFileType = sourcecode.swift; path = MVVMM.swift; sourceTree = "<group>"; };
		C51A6FA629865DF90020733A /* MVVMDV.swift */ = {isa = PBXFileReference; lastKnownFileType = sourcecode.swift; path = MVVMDV.swift; sourceTree = "<group>"; };
		C51A6FA829865E5D0020733A /* MVVMMV.swift */ = {isa = PBXFileReference; lastKnownFileType = sourcecode.swift; path = MVVMMV.swift; sourceTree = "<group>"; };
		C522B0B429E6E09900B1DDE6 /* LinkView.swift */ = {isa = PBXFileReference; lastKnownFileType = sourcecode.swift; path = LinkView.swift; sourceTree = "<group>"; };
		C52C4B7329B7221000454CB1 /* SpacerView.swift */ = {isa = PBXFileReference; lastKnownFileType = sourcecode.swift; path = SpacerView.swift; sourceTree = "<group>"; };
		C539BD28295AB4160034C2B0 /* AlertView.swift */ = {isa = PBXFileReference; lastKnownFileType = sourcecode.swift; path = AlertView.swift; sourceTree = "<group>"; };
		C539BD2C295AB8D70034C2B0 /* CountingButton.swift */ = {isa = PBXFileReference; lastKnownFileType = sourcecode.swift; path = CountingButton.swift; sourceTree = "<group>"; };
		C539BD2E295AE9C10034C2B0 /* TextFieldView.swift */ = {isa = PBXFileReference; lastKnownFileType = sourcecode.swift; path = TextFieldView.swift; sourceTree = "<group>"; };
		C539BD30295B1EFF0034C2B0 /* PickerView.swift */ = {isa = PBXFileReference; lastKnownFileType = sourcecode.swift; path = PickerView.swift; sourceTree = "<group>"; };
		C539BD32295B23C30034C2B0 /* CurrencyView.swift */ = {isa = PBXFileReference; lastKnownFileType = sourcecode.swift; path = CurrencyView.swift; sourceTree = "<group>"; };
		C539BD35295BE6320034C2B0 /* StackView.swift */ = {isa = PBXFileReference; lastKnownFileType = sourcecode.swift; path = StackView.swift; sourceTree = "<group>"; };
		C539BD37295BE81C0034C2B0 /* ColorAndFrameView.swift */ = {isa = PBXFileReference; lastKnownFileType = sourcecode.swift; path = ColorAndFrameView.swift; sourceTree = "<group>"; };
		C539BD39295BEA290034C2B0 /* SearchBarView.swift */ = {isa = PBXFileReference; lastKnownFileType = sourcecode.swift; path = SearchBarView.swift; sourceTree = "<group>"; };
		C539BD3C295BEA760034C2B0 /* EmojiProvider.swift */ = {isa = PBXFileReference; lastKnownFileType = sourcecode.swift; path = EmojiProvider.swift; sourceTree = "<group>"; };
		C5447CD129FB62DF00205902 /* LocalNotifications.swift */ = {isa = PBXFileReference; lastKnownFileType = sourcecode.swift; path = LocalNotifications.swift; sourceTree = "<group>"; };
		C5447CD329FB636B00205902 /* LocalNotificationManager.swift */ = {isa = PBXFileReference; lastKnownFileType = sourcecode.swift; path = LocalNotificationManager.swift; sourceTree = "<group>"; };
		C556177029D854AA00001527 /* ShowingAndHidingView.swift */ = {isa = PBXFileReference; lastKnownFileType = sourcecode.swift; path = ShowingAndHidingView.swift; sourceTree = "<group>"; };
		C556177529DAADB400001527 /* SACView.swift */ = {isa = PBXFileReference; lastKnownFileType = sourcecode.swift; path = SACView.swift; sourceTree = "<group>"; };
		C5592B6E298B7E54001010D6 /* UIGram.swift */ = {isa = PBXFileReference; lastKnownFileType = sourcecode.swift; path = UIGram.swift; sourceTree = "<group>"; };
		C5592B70298B8062001010D6 /* JMyWebview.swift */ = {isa = PBXFileReference; lastKnownFileType = sourcecode.swift; path = JMyWebview.swift; sourceTree = "<group>"; };
		C5592B72298B8141001010D6 /* Info.plist */ = {isa = PBXFileReference; lastKnownFileType = text.plist; path = Info.plist; sourceTree = "<group>"; };
		C5592B73298B83A0001010D6 /* JWebContentView.swift */ = {isa = PBXFileReference; lastKnownFileType = sourcecode.swift; path = JWebContentView.swift; sourceTree = "<group>"; };
		C5592B76298B85B6001010D6 /* JTextContentView.swift */ = {isa = PBXFileReference; lastKnownFileType = sourcecode.swift; path = JTextContentView.swift; sourceTree = "<group>"; };
		C5592B78298B9675001010D6 /* JGeometryReader.swift */ = {isa = PBXFileReference; lastKnownFileType = sourcecode.swift; path = JGeometryReader.swift; sourceTree = "<group>"; };
		C5592B7B298BBD1F001010D6 /* JTapView.swift */ = {isa = PBXFileReference; lastKnownFileType = sourcecode.swift; path = JTapView.swift; sourceTree = "<group>"; };
		C5592B7D298BBE71001010D6 /* JTabViewColor.swift */ = {isa = PBXFileReference; lastKnownFileType = sourcecode.swift; path = JTabViewColor.swift; sourceTree = "<group>"; };
		C5592B7F298BCCEB001010D6 /* QRReaderView.swift */ = {isa = PBXFileReference; lastKnownFileType = sourcecode.swift; path = QRReaderView.swift; sourceTree = "<group>"; };
		C55F82DD29A6ED3E00D440A4 /* ToolTipView.swift */ = {isa = PBXFileReference; lastKnownFileType = sourcecode.swift; path = ToolTipView.swift; sourceTree = "<group>"; };
		C56108C129BB312700777D3E /* FluxView.swift */ = {isa = PBXFileReference; lastKnownFileType = sourcecode.swift; path = FluxView.swift; sourceTree = "<group>"; };
		C5648DE7295AA2DE00322231 /* SwiftUIStudy.app */ = {isa = PBXFileReference; explicitFileType = wrapper.application; includeInIndex = 0; path = SwiftUIStudy.app; sourceTree = BUILT_PRODUCTS_DIR; };
		C5648DEA295AA2DE00322231 /* SwiftUIStudyApp.swift */ = {isa = PBXFileReference; lastKnownFileType = sourcecode.swift; path = SwiftUIStudyApp.swift; sourceTree = "<group>"; };
		C5648DEC295AA2DE00322231 /* ContentView.swift */ = {isa = PBXFileReference; lastKnownFileType = sourcecode.swift; path = ContentView.swift; sourceTree = "<group>"; };
		C5648DEE295AA2E000322231 /* Assets.xcassets */ = {isa = PBXFileReference; lastKnownFileType = folder.assetcatalog; path = Assets.xcassets; sourceTree = "<group>"; };
		C5648DF1295AA2E000322231 /* Preview Assets.xcassets */ = {isa = PBXFileReference; lastKnownFileType = folder.assetcatalog; path = "Preview Assets.xcassets"; sourceTree = "<group>"; };
		C56D6BC929B8A2D6002C24D1 /* CSumView.swift */ = {isa = PBXFileReference; lastKnownFileType = sourcecode.swift; path = CSumView.swift; sourceTree = "<group>"; };
		C56D6BCD29B8A322002C24D1 /* CCulcModel.swift */ = {isa = PBXFileReference; lastKnownFileType = sourcecode.swift; path = CCulcModel.swift; sourceTree = "<group>"; };
		C58A8450296485DE00FB6644 /* GuessTheFlag.swift */ = {isa = PBXFileReference; lastKnownFileType = sourcecode.swift; path = GuessTheFlag.swift; sourceTree = "<group>"; };
		C58A84522964A64300FB6644 /* ViewAndModifiers.swift */ = {isa = PBXFileReference; lastKnownFileType = sourcecode.swift; path = ViewAndModifiers.swift; sourceTree = "<group>"; };
		C58B8A8429A34A0400C8A064 /* ListView.swift */ = {isa = PBXFileReference; lastKnownFileType = sourcecode.swift; path = ListView.swift; sourceTree = "<group>"; };
		C58B8A8A29A3551900C8A064 /* WordScramble.swift */ = {isa = PBXFileReference; lastKnownFileType = sourcecode.swift; path = WordScramble.swift; sourceTree = "<group>"; };
		C58B8A8E29A3589A00C8A064 /* start.txt */ = {isa = PBXFileReference; fileEncoding = 4; lastKnownFileType = text; path = start.txt; sourceTree = "<group>"; };
		C59191D729E2BFC400DAB502 /* JFilteredList.swift */ = {isa = PBXFileReference; lastKnownFileType = sourcecode.swift; path = JFilteredList.swift; sourceTree = "<group>"; };
		C59191DC29E4EBC400DAB502 /* EnumNaviLink.swift */ = {isa = PBXFileReference; lastKnownFileType = sourcecode.swift; path = EnumNaviLink.swift; sourceTree = "<group>"; };
		C59191DE29E4EF6400DAB502 /* EnumSetting.swift */ = {isa = PBXFileReference; lastKnownFileType = sourcecode.swift; path = EnumSetting.swift; sourceTree = "<group>"; };
		C596E0C029C206E5008E1FF8 /* ButtonStyleView.swift */ = {isa = PBXFileReference; lastKnownFileType = sourcecode.swift; path = ButtonStyleView.swift; sourceTree = "<group>"; };
		C596E0C229C20725008E1FF8 /* MyButtonStyle.swift */ = {isa = PBXFileReference; lastKnownFileType = sourcecode.swift; path = MyButtonStyle.swift; sourceTree = "<group>"; };
		C596E0C529C20DA9008E1FF8 /* PopupView.swift */ = {isa = PBXFileReference; lastKnownFileType = sourcecode.swift; path = PopupView.swift; sourceTree = "<group>"; };
		C59F999D296EFBBC003489AF /* TabMainView.swift */ = {isa = PBXFileReference; lastKnownFileType = sourcecode.swift; path = TabMainView.swift; sourceTree = "<group>"; };
		C59F99A1296EFBC9003489AF /* SettingsView.swift */ = {isa = PBXFileReference; lastKnownFileType = sourcecode.swift; path = SettingsView.swift; sourceTree = "<group>"; };
		C59F99A3296EFBD2003489AF /* JournalView.swift */ = {isa = PBXFileReference; lastKnownFileType = sourcecode.swift; path = JournalView.swift; sourceTree = "<group>"; };
		C59F99A6296EFC64003489AF /* AlternativeScene.swift */ = {isa = PBXFileReference; lastKnownFileType = sourcecode.swift; path = AlternativeScene.swift; sourceTree = "<group>"; };
		C59F99A8296EFC89003489AF /* AlternativeContentView.swift */ = {isa = PBXFileReference; lastKnownFileType = sourcecode.swift; path = AlternativeContentView.swift; sourceTree = "<group>"; };
		C59F99AC296EFFBA003489AF /* BasicAdaptableView.swift */ = {isa = PBXFileReference; lastKnownFileType = sourcecode.swift; path = BasicAdaptableView.swift; sourceTree = "<group>"; };
		C59F99B0296F3946003489AF /* CustomContainerView.swift */ = {isa = PBXFileReference; lastKnownFileType = sourcecode.swift; path = CustomContainerView.swift; sourceTree = "<group>"; };
		C59F99B3296F428A003489AF /* StepperView.swift */ = {isa = PBXFileReference; lastKnownFileType = sourcecode.swift; path = StepperView.swift; sourceTree = "<group>"; };
		C59F99B5296F5CBB003489AF /* DatePickerView.swift */ = {isa = PBXFileReference; lastKnownFileType = sourcecode.swift; path = DatePickerView.swift; sourceTree = "<group>"; };
		C59F99B7296F67BC003489AF /* DateView.swift */ = {isa = PBXFileReference; lastKnownFileType = sourcecode.swift; path = DateView.swift; sourceTree = "<group>"; };
		C5A8CB9F295D84B10096E2E6 /* GradientView.swift */ = {isa = PBXFileReference; lastKnownFileType = sourcecode.swift; path = GradientView.swift; sourceTree = "<group>"; };
		C5A8CBA1295E89BF0096E2E6 /* Todos.swift */ = {isa = PBXFileReference; lastKnownFileType = sourcecode.swift; path = Todos.swift; sourceTree = "<group>"; };
		C5A8CBA62960AF700096E2E6 /* ButtonView.swift */ = {isa = PBXFileReference; lastKnownFileType = sourcecode.swift; path = ButtonView.swift; sourceTree = "<group>"; };
		C5B05F7729AC74EE009B21B4 /* SheetView.swift */ = {isa = PBXFileReference; lastKnownFileType = sourcecode.swift; path = SheetView.swift; sourceTree = "<group>"; };
		C5B05F7C29AF86A1009B21B4 /* PopoverView.swift */ = {isa = PBXFileReference; lastKnownFileType = sourcecode.swift; path = PopoverView.swift; sourceTree = "<group>"; };
		C5B05F7E29AF86B2009B21B4 /* PopoverMainView.swift */ = {isa = PBXFileReference; lastKnownFileType = sourcecode.swift; path = PopoverMainView.swift; sourceTree = "<group>"; };
		C5B05F8329AF88E5009B21B4 /* ModalView.swift */ = {isa = PBXFileReference; lastKnownFileType = sourcecode.swift; path = ModalView.swift; sourceTree = "<group>"; };
		C5B05F8529AF88EC009B21B4 /* ModalMainView.swift */ = {isa = PBXFileReference; lastKnownFileType = sourcecode.swift; path = ModalMainView.swift; sourceTree = "<group>"; };
		C5B05F8729AF8CE9009B21B4 /* PresentView.swift */ = {isa = PBXFileReference; lastKnownFileType = sourcecode.swift; path = PresentView.swift; sourceTree = "<group>"; };
		C5B0F83F299688380043EA51 /* FileManagerView.swift */ = {isa = PBXFileReference; lastKnownFileType = sourcecode.swift; path = FileManagerView.swift; sourceTree = "<group>"; };
		C5B0F84B299A4E8E0043EA51 /* BindingView.swift */ = {isa = PBXFileReference; lastKnownFileType = sourcecode.swift; path = BindingView.swift; sourceTree = "<group>"; };
		C5B0F84D299A4E940043EA51 /* StateView.swift */ = {isa = PBXFileReference; lastKnownFileType = sourcecode.swift; path = StateView.swift; sourceTree = "<group>"; };
		C5B0F85A299A9D8E0043EA51 /* BetterClosures.playground */ = {isa = PBXFileReference; lastKnownFileType = file.playground; path = BetterClosures.playground; sourceTree = "<group>"; xcLanguageSpecificationIdentifier = xcode.lang.swift; };
		C5B2DC9D29941B4600D85291 /* Observable.playground */ = {isa = PBXFileReference; lastKnownFileType = file.playground; path = Observable.playground; sourceTree = "<group>"; xcLanguageSpecificationIdentifier = xcode.lang.swift; };
		C5B628A0298CA75100C96C9C /* VisionKitView.swift */ = {isa = PBXFileReference; lastKnownFileType = sourcecode.swift; path = VisionKitView.swift; sourceTree = "<group>"; };
		C5B628A2298CA82F00C96C9C /* ScanData.swift */ = {isa = PBXFileReference; lastKnownFileType = sourcecode.swift; path = ScanData.swift; sourceTree = "<group>"; };
		C5B628A4298CA91700C96C9C /* ScannerView.swift */ = {isa = PBXFileReference; lastKnownFileType = sourcecode.swift; path = ScannerView.swift; sourceTree = "<group>"; };
		C5B628A6298CAA6300C96C9C /* TextRecognizer.swift */ = {isa = PBXFileReference; lastKnownFileType = sourcecode.swift; path = TextRecognizer.swift; sourceTree = "<group>"; };
		C5B628A8298CFBA600C96C9C /* PhotosUIView.swift */ = {isa = PBXFileReference; lastKnownFileType = sourcecode.swift; path = PhotosUIView.swift; sourceTree = "<group>"; };
		C5BCBF1C29D455A8001D10C0 /* MultiplatformSampleCode.swift */ = {isa = PBXFileReference; lastKnownFileType = sourcecode.swift; path = MultiplatformSampleCode.swift; sourceTree = "<group>"; };
		C5CF708D2A94DD0D0091D5DB /* Champion.swift */ = {isa = PBXFileReference; lastKnownFileType = sourcecode.swift; path = Champion.swift; sourceTree = "<group>"; };
		C5CF708F2A94DD2A0091D5DB /* DDViewModel.swift */ = {isa = PBXFileReference; lastKnownFileType = sourcecode.swift; path = DDViewModel.swift; sourceTree = "<group>"; };
		C5CF70912A94DD4C0091D5DB /* ChampionView.swift */ = {isa = PBXFileReference; lastKnownFileType = sourcecode.swift; path = ChampionView.swift; sourceTree = "<group>"; };
		C5D7944829C830F800242C5A /* LocalizationView.swift */ = {isa = PBXFileReference; lastKnownFileType = sourcecode.swift; path = LocalizationView.swift; sourceTree = "<group>"; };
		C5D9C9E92987BB4C00AF757C /* APICallsPracticeView.swift */ = {isa = PBXFileReference; lastKnownFileType = sourcecode.swift; path = APICallsPracticeView.swift; sourceTree = "<group>"; };
		C5D9C9EB2987BB8300AF757C /* APICallsViewModel.swift */ = {isa = PBXFileReference; lastKnownFileType = sourcecode.swift; path = APICallsViewModel.swift; sourceTree = "<group>"; };
		C5D9C9ED2987BC3600AF757C /* APICallsModel.swift */ = {isa = PBXFileReference; lastKnownFileType = sourcecode.swift; path = APICallsModel.swift; sourceTree = "<group>"; };
		C5D9C9EF2987BED600AF757C /* APICallsImageView.swift */ = {isa = PBXFileReference; lastKnownFileType = sourcecode.swift; path = APICallsImageView.swift; sourceTree = "<group>"; };
		C5D9CA3C2988C0E800AF757C /* JContentView.swift */ = {isa = PBXFileReference; lastKnownFileType = sourcecode.swift; path = JContentView.swift; sourceTree = "<group>"; };
		C5D9CA3E2988C24B00AF757C /* JMyVStackView.swift */ = {isa = PBXFileReference; lastKnownFileType = sourcecode.swift; path = JMyVStackView.swift; sourceTree = "<group>"; };
		C5D9CA402988C8B100AF757C /* JMyTextView.swift */ = {isa = PBXFileReference; lastKnownFileType = sourcecode.swift; path = JMyTextView.swift; sourceTree = "<group>"; };
		C5DF457E296E1C6400EEB686 /* MyNameView.swift */ = {isa = PBXFileReference; lastKnownFileType = sourcecode.swift; path = MyNameView.swift; sourceTree = "<group>"; };
		C5DF4580296E1CA600EEB686 /* MyImageView.swift */ = {isa = PBXFileReference; lastKnownFileType = sourcecode.swift; path = MyImageView.swift; sourceTree = "<group>"; };
		C5DF4582296E1D7C00EEB686 /* MapView.swift */ = {isa = PBXFileReference; lastKnownFileType = sourcecode.swift; path = MapView.swift; sourceTree = "<group>"; };
		C5DF4584296E1F5900EEB686 /* ProfileView.swift */ = {isa = PBXFileReference; lastKnownFileType = sourcecode.swift; path = ProfileView.swift; sourceTree = "<group>"; };
		C5E2CE222975A641000E86AD /* IF삼항연산자.swift */ = {isa = PBXFileReference; lastKnownFileType = sourcecode.swift; path = "IF삼항연산자.swift"; sourceTree = "<group>"; };
		C5E2CE242976047D000E86AD /* testView.swift */ = {isa = PBXFileReference; lastKnownFileType = sourcecode.swift; path = testView.swift; sourceTree = "<group>"; };
		C5E2CE26297632CE000E86AD /* CombineGram.playground */ = {isa = PBXFileReference; lastKnownFileType = file.playground; path = CombineGram.playground; sourceTree = "<group>"; xcLanguageSpecificationIdentifier = xcode.lang.swift; };
		C5E2CE2B297D0D06000E86AD /* SearchView.swift */ = {isa = PBXFileReference; lastKnownFileType = sourcecode.swift; path = SearchView.swift; sourceTree = "<group>"; };
		C5F4091F2992BC74001D5096 /* BetterRest.swift */ = {isa = PBXFileReference; lastKnownFileType = sourcecode.swift; path = BetterRest.swift; sourceTree = "<group>"; };
		C5F409212992BEF2001D5096 /* SleepCalculator.mlmodel */ = {isa = PBXFileReference; lastKnownFileType = file.mlmodel; path = SleepCalculator.mlmodel; sourceTree = "<group>"; };
/* End PBXFileReference section */

/* Begin PBXFrameworksBuildPhase section */
		C5648DE4295AA2DE00322231 /* Frameworks */ = {
			isa = PBXFrameworksBuildPhase;
			buildActionMask = 2147483647;
			files = (
				C5399A9229D05A88000A5C5C /* PopupView in Frameworks */,
				C55F82DC29A6ED2500D440A4 /* SwiftUITooltip in Frameworks */,
				C5592B83298BCD2D001010D6 /* CodeScanner in Frameworks */,
			);
			runOnlyForDeploymentPostprocessing = 0;
		};
/* End PBXFrameworksBuildPhase section */

/* Begin PBXGroup section */
		C5107CFC29B1953F0062B210 /* Menu */ = {
			isa = PBXGroup;
			children = (
				C5107CFD29B195490062B210 /* MenuMainView.swift */,
			);
			path = Menu;
			sourceTree = "<group>";
		};
		C5107CFF29B2142C0062B210 /* FileManager */ = {
			isa = PBXGroup;
			children = (
				C5B0F83F299688380043EA51 /* FileManagerView.swift */,
				C5107D0029B2143D0062B210 /* FileManagerScreen.swift */,
			);
			path = FileManager;
			sourceTree = "<group>";
		};
		C517E624298EC6020048C920 /* ObservedObject */ = {
			isa = PBXGroup;
			children = (
				C517E625298EC6160048C920 /* OUser.swift */,
				C517E627298EC6270048C920 /* OContentView.swift */,
				C517E629298EC6440048C920 /* OAnotherView.swift */,
				C517E62B298EC83E0048C920 /* OUserWrapper.swift */,
			);
			path = ObservedObject;
			sourceTree = "<group>";
		};
		C517E645298F8B660048C920 /* StateObject */ = {
			isa = PBXGroup;
			children = (
				C517E646298F8BC30048C920 /* SContentView.swift */,
				C517E648298F8BD70048C920 /* SViewModel.swift */,
				C517E64A298F8D930048C920 /* SRandomNumberView.swift */,
			);
			path = StateObject;
			sourceTree = "<group>";
		};
		C51A6F9E29865C0B0020733A /* MVVM */ = {
			isa = PBXGroup;
			children = (
				C51A6F9F29865C1E0020733A /* TextField */,
			);
			path = MVVM;
			sourceTree = "<group>";
		};
		C51A6F9F29865C1E0020733A /* TextField */ = {
			isa = PBXGroup;
			children = (
				C51A6FA029865C5A0020733A /* MVVMTFV.swift */,
				C51A6FA229865C880020733A /* MVVMVM.swift */,
				C51A6FA429865D140020733A /* MVVMM.swift */,
				C51A6FA629865DF90020733A /* MVVMDV.swift */,
				C51A6FA829865E5D0020733A /* MVVMMV.swift */,
			);
			path = TextField;
			sourceTree = "<group>";
		};
		C539BD2A295AB41F0034C2B0 /* Main */ = {
			isa = PBXGroup;
			children = (
				C5648DEC295AA2DE00322231 /* ContentView.swift */,
			);
			path = Main;
			sourceTree = "<group>";
		};
		C539BD2B295AB42C0034C2B0 /* Study */ = {
			isa = PBXGroup;
			children = (
				C5447CD029FB62C200205902 /* LocalNotifications */,
				C59191DB29E4EBAC00DAB502 /* EnumNavi */,
				C556177429DAADA000001527 /* StructAndClass */,
				C56D6BC729B8A2A5002C24D1 /* Combine */,
				C5107CFC29B1953F0062B210 /* Menu */,
				C5B05F8229AF88DC009B21B4 /* Modal */,
				C5B05F7B29AF8689009B21B4 /* Popover */,
				C5B0F84A299A4C670043EA51 /* Binding */,
				C517E645298F8B660048C920 /* StateObject */,
				C517E624298EC6020048C920 /* ObservedObject */,
				C51A6F9E29865C0B0020733A /* MVVM */,
				C517E64C298FC22D0048C920 /* TextView.swift */,
				C59F99AC296EFFBA003489AF /* BasicAdaptableView.swift */,
				C539BD28295AB4160034C2B0 /* AlertView.swift */,
				C539BD2E295AE9C10034C2B0 /* TextFieldView.swift */,
				C539BD30295B1EFF0034C2B0 /* PickerView.swift */,
				C539BD35295BE6320034C2B0 /* StackView.swift */,
				C539BD37295BE81C0034C2B0 /* ColorAndFrameView.swift */,
				C5A8CB9F295D84B10096E2E6 /* GradientView.swift */,
				C5A8CBA62960AF700096E2E6 /* ButtonView.swift */,
				C58A84522964A64300FB6644 /* ViewAndModifiers.swift */,
				C59F999C296EFBAD003489AF /* TabView */,
				C59F99B0296F3946003489AF /* CustomContainerView.swift */,
				C59F99B3296F428A003489AF /* StepperView.swift */,
				C59F99B5296F5CBB003489AF /* DatePickerView.swift */,
				C59F99B7296F67BC003489AF /* DateView.swift */,
				C5E2CE2B297D0D06000E86AD /* SearchView.swift */,
				C5B628A8298CFBA600C96C9C /* PhotosUIView.swift */,
				C5107CFF29B2142C0062B210 /* FileManager */,
				C50BDB63299FB55400F59576 /* ToggleView.swift */,
				C58B8A8429A34A0400C8A064 /* ListView.swift */,
				C5B05F7729AC74EE009B21B4 /* SheetView.swift */,
				C5B05F8729AF8CE9009B21B4 /* PresentView.swift */,
				C52C4B7329B7221000454CB1 /* SpacerView.swift */,
				C5D7944829C830F800242C5A /* LocalizationView.swift */,
				C5BCBF1C29D455A8001D10C0 /* MultiplatformSampleCode.swift */,
				C556177029D854AA00001527 /* ShowingAndHidingView.swift */,
				C522B0B429E6E09900B1DDE6 /* LinkView.swift */,
			);
			path = Study;
			sourceTree = "<group>";
		};
		C539BD34295BE36F0034C2B0 /* BasicApp */ = {
			isa = PBXGroup;
			children = (
				C5CF708C2A94DCF60091D5DB /* RiotDD */,
				C5B6289F298CA73E00C96C9C /* Scan-Ocr */,
				C5D9C9E82987BAF600AF757C /* APICalls */,
				C5DF457D296E1C5300EEB686 /* ProfileView */,
				C539BD2C295AB8D70034C2B0 /* CountingButton.swift */,
				C539BD32295B23C30034C2B0 /* CurrencyView.swift */,
				C539BD3B295BEA540034C2B0 /* SearchBarView */,
				C5A8CBA1295E89BF0096E2E6 /* Todos.swift */,
				C58A8450296485DE00FB6644 /* GuessTheFlag.swift */,
				C59F99B2296F4264003489AF /* BetterRest */,
				C5592B7F298BCCEB001010D6 /* QRReaderView.swift */,
				C58B8A8D29A3588B00C8A064 /* WordScramble */,
			);
			path = BasicApp;
			sourceTree = "<group>";
		};
		C539BD3B295BEA540034C2B0 /* SearchBarView */ = {
			isa = PBXGroup;
			children = (
				C539BD39295BEA290034C2B0 /* SearchBarView.swift */,
				C539BD3C295BEA760034C2B0 /* EmojiProvider.swift */,
			);
			path = SearchBarView;
			sourceTree = "<group>";
		};
		C5447CD029FB62C200205902 /* LocalNotifications */ = {
			isa = PBXGroup;
			children = (
				C5447CD129FB62DF00205902 /* LocalNotifications.swift */,
				C5447CD329FB636B00205902 /* LocalNotificationManager.swift */,
			);
			path = LocalNotifications;
			sourceTree = "<group>";
		};
		C556177429DAADA000001527 /* StructAndClass */ = {
			isa = PBXGroup;
			children = (
				C556177529DAADB400001527 /* SACView.swift */,
			);
			path = StructAndClass;
			sourceTree = "<group>";
		};
		C5592B75298B85A3001010D6 /* Chapter3 */ = {
			isa = PBXGroup;
			children = (
				C5592B76298B85B6001010D6 /* JTextContentView.swift */,
				C5592B78298B9675001010D6 /* JGeometryReader.swift */,
			);
			path = Chapter3;
			sourceTree = "<group>";
		};
		C5592B7A298BBD11001010D6 /* Chapter4 */ = {
			isa = PBXGroup;
			children = (
				C5592B7B298BBD1F001010D6 /* JTapView.swift */,
				C5592B7D298BBE71001010D6 /* JTabViewColor.swift */,
			);
			path = Chapter4;
			sourceTree = "<group>";
		};
		C55F82D929A6ECFD00D440A4 /* ThirdParty */ = {
			isa = PBXGroup;
			children = (
				C55F82DD29A6ED3E00D440A4 /* ToolTipView.swift */,
			);
			path = ThirdParty;
			sourceTree = "<group>";
		};
		C56108C029BB311A00777D3E /* Pattern */ = {
			isa = PBXGroup;
			children = (
				C56108C129BB312700777D3E /* FluxView.swift */,
			);
			path = Pattern;
			sourceTree = "<group>";
		};
		C5648DDE295AA2DE00322231 = {
			isa = PBXGroup;
			children = (
				C5648DE9295AA2DE00322231 /* SwiftUIStudy */,
				C5648DE8295AA2DE00322231 /* Products */,
			);
			sourceTree = "<group>";
		};
		C5648DE8295AA2DE00322231 /* Products */ = {
			isa = PBXGroup;
			children = (
				C5648DE7295AA2DE00322231 /* SwiftUIStudy.app */,
			);
			name = Products;
			sourceTree = "<group>";
		};
		C5648DE9295AA2DE00322231 /* SwiftUIStudy */ = {
			isa = PBXGroup;
			children = (
				C56108C029BB311A00777D3E /* Pattern */,
				C5592B72298B8141001010D6 /* Info.plist */,
				C5D9CA392988C0AF00AF757C /* JeffJoungFollowed */,
				C5E2CE212975A5DB000E86AD /* Grammar */,
				C539BD2A295AB41F0034C2B0 /* Main */,
				C539BD2B295AB42C0034C2B0 /* Study */,
				C539BD34295BE36F0034C2B0 /* BasicApp */,
				C55F82D929A6ECFD00D440A4 /* ThirdParty */,
				C5648DEE295AA2E000322231 /* Assets.xcassets */,
				C5648DEA295AA2DE00322231 /* SwiftUIStudyApp.swift */,
				C5648DF0295AA2E000322231 /* Preview Content */,
			);
			path = SwiftUIStudy;
			sourceTree = "<group>";
		};
		C5648DF0295AA2E000322231 /* Preview Content */ = {
			isa = PBXGroup;
			children = (
				C5648DF1295AA2E000322231 /* Preview Assets.xcassets */,
			);
			path = "Preview Content";
			sourceTree = "<group>";
		};
		C56D6BC729B8A2A5002C24D1 /* Combine */ = {
			isa = PBXGroup;
			children = (
				C56D6BC829B8A2AE002C24D1 /* CombineSumView */,
			);
			path = Combine;
			sourceTree = "<group>";
		};
		C56D6BC829B8A2AE002C24D1 /* CombineSumView */ = {
			isa = PBXGroup;
			children = (
				C56D6BC929B8A2D6002C24D1 /* CSumView.swift */,
				C56D6BCD29B8A322002C24D1 /* CCulcModel.swift */,
			);
			path = CombineSumView;
			sourceTree = "<group>";
		};
		C58B8A8D29A3588B00C8A064 /* WordScramble */ = {
			isa = PBXGroup;
			children = (
				C58B8A8E29A3589A00C8A064 /* start.txt */,
				C58B8A8A29A3551900C8A064 /* WordScramble.swift */,
			);
			path = WordScramble;
			sourceTree = "<group>";
		};
		C59191D629E2BFA400DAB502 /* SegWithFilter */ = {
			isa = PBXGroup;
			children = (
				C59191D729E2BFC400DAB502 /* JFilteredList.swift */,
			);
			path = SegWithFilter;
			sourceTree = "<group>";
		};
		C59191DB29E4EBAC00DAB502 /* EnumNavi */ = {
			isa = PBXGroup;
			children = (
				C59191DC29E4EBC400DAB502 /* EnumNaviLink.swift */,
				C59191DE29E4EF6400DAB502 /* EnumSetting.swift */,
			);
			path = EnumNavi;
			sourceTree = "<group>";
		};
		C596E0BF29C206D5008E1FF8 /* ButtonStyle */ = {
			isa = PBXGroup;
			children = (
				C596E0C029C206E5008E1FF8 /* ButtonStyleView.swift */,
				C596E0C229C20725008E1FF8 /* MyButtonStyle.swift */,
			);
			path = ButtonStyle;
			sourceTree = "<group>";
		};
		C596E0C429C20D97008E1FF8 /* Popup */ = {
			isa = PBXGroup;
			children = (
				C596E0C529C20DA9008E1FF8 /* PopupView.swift */,
			);
			path = Popup;
			sourceTree = "<group>";
		};
		C59F999C296EFBAD003489AF /* TabView */ = {
			isa = PBXGroup;
			children = (
				C59F99A5296EFC52003489AF /* Scene */,
				C59F99A3296EFBD2003489AF /* JournalView.swift */,
				C59F99A1296EFBC9003489AF /* SettingsView.swift */,
				C59F99A8296EFC89003489AF /* AlternativeContentView.swift */,
			);
			path = TabView;
			sourceTree = "<group>";
		};
		C59F99A5296EFC52003489AF /* Scene */ = {
			isa = PBXGroup;
			children = (
				C59F999D296EFBBC003489AF /* TabMainView.swift */,
				C59F99A6296EFC64003489AF /* AlternativeScene.swift */,
			);
			path = Scene;
			sourceTree = "<group>";
		};
		C59F99B2296F4264003489AF /* BetterRest */ = {
			isa = PBXGroup;
			children = (
				C5F409212992BEF2001D5096 /* SleepCalculator.mlmodel */,
				C5F4091F2992BC74001D5096 /* BetterRest.swift */,
			);
			path = BetterRest;
			sourceTree = "<group>";
		};
		C5B05F7B29AF8689009B21B4 /* Popover */ = {
			isa = PBXGroup;
			children = (
				C5B05F7C29AF86A1009B21B4 /* PopoverView.swift */,
				C5B05F7E29AF86B2009B21B4 /* PopoverMainView.swift */,
			);
			path = Popover;
			sourceTree = "<group>";
		};
		C5B05F8229AF88DC009B21B4 /* Modal */ = {
			isa = PBXGroup;
			children = (
				C5B05F8329AF88E5009B21B4 /* ModalView.swift */,
				C5B05F8529AF88EC009B21B4 /* ModalMainView.swift */,
			);
			path = Modal;
			sourceTree = "<group>";
		};
		C5B0F84A299A4C670043EA51 /* Binding */ = {
			isa = PBXGroup;
			children = (
				C5B0F84B299A4E8E0043EA51 /* BindingView.swift */,
				C5B0F84D299A4E940043EA51 /* StateView.swift */,
			);
			path = Binding;
			sourceTree = "<group>";
		};
		C5B6289F298CA73E00C96C9C /* Scan-Ocr */ = {
			isa = PBXGroup;
			children = (
				C5B628A0298CA75100C96C9C /* VisionKitView.swift */,
				C5B628A2298CA82F00C96C9C /* ScanData.swift */,
				C5B628A4298CA91700C96C9C /* ScannerView.swift */,
				C5B628A6298CAA6300C96C9C /* TextRecognizer.swift */,
			);
			path = "Scan-Ocr";
			sourceTree = "<group>";
		};
		C5CF708C2A94DCF60091D5DB /* RiotDD */ = {
			isa = PBXGroup;
			children = (
				C5CF708D2A94DD0D0091D5DB /* Champion.swift */,
				C5CF708F2A94DD2A0091D5DB /* DDViewModel.swift */,
				C5CF70912A94DD4C0091D5DB /* ChampionView.swift */,
			);
			path = RiotDD;
			sourceTree = "<group>";
		};
		C5D9C9E82987BAF600AF757C /* APICalls */ = {
			isa = PBXGroup;
			children = (
				C5D9C9E92987BB4C00AF757C /* APICallsPracticeView.swift */,
				C5D9C9EB2987BB8300AF757C /* APICallsViewModel.swift */,
				C5D9C9ED2987BC3600AF757C /* APICallsModel.swift */,
				C5D9C9EF2987BED600AF757C /* APICallsImageView.swift */,
			);
			path = APICalls;
			sourceTree = "<group>";
		};
		C5D9CA392988C0AF00AF757C /* JeffJoungFollowed */ = {
			isa = PBXGroup;
			children = (
				C59191D629E2BFA400DAB502 /* SegWithFilter */,
				C596E0C429C20D97008E1FF8 /* Popup */,
				C596E0BF29C206D5008E1FF8 /* ButtonStyle */,
				C5592B7A298BBD11001010D6 /* Chapter4 */,
				C5592B75298B85A3001010D6 /* Chapter3 */,
				C5D9CA532988DF9700AF757C /* Chapter2 */,
				C5D9CA522988DF8D00AF757C /* Chapter1 */,
			);
			path = JeffJoungFollowed;
			sourceTree = "<group>";
		};
		C5D9CA522988DF8D00AF757C /* Chapter1 */ = {
			isa = PBXGroup;
			children = (
				C5D9CA3C2988C0E800AF757C /* JContentView.swift */,
				C5D9CA3E2988C24B00AF757C /* JMyVStackView.swift */,
				C5D9CA402988C8B100AF757C /* JMyTextView.swift */,
			);
			path = Chapter1;
			sourceTree = "<group>";
		};
		C5D9CA532988DF9700AF757C /* Chapter2 */ = {
			isa = PBXGroup;
			children = (
				C5592B70298B8062001010D6 /* JMyWebview.swift */,
				C5592B73298B83A0001010D6 /* JWebContentView.swift */,
			);
			path = Chapter2;
			sourceTree = "<group>";
		};
		C5DF457D296E1C5300EEB686 /* ProfileView */ = {
			isa = PBXGroup;
			children = (
				C5DF4584296E1F5900EEB686 /* ProfileView.swift */,
				C5DF457E296E1C6400EEB686 /* MyNameView.swift */,
				C5DF4580296E1CA600EEB686 /* MyImageView.swift */,
				C5DF4582296E1D7C00EEB686 /* MapView.swift */,
			);
			path = ProfileView;
			sourceTree = "<group>";
		};
		C5E2CE212975A5DB000E86AD /* Grammar */ = {
			isa = PBXGroup;
			children = (
				C5E2CE222975A641000E86AD /* IF삼항연산자.swift */,
				C5E2CE242976047D000E86AD /* testView.swift */,
				C5E2CE26297632CE000E86AD /* CombineGram.playground */,
				C5592B6E298B7E54001010D6 /* UIGram.swift */,
				C5B2DC9D29941B4600D85291 /* Observable.playground */,
				C5B0F85A299A9D8E0043EA51 /* BetterClosures.playground */,
			);
			path = Grammar;
			sourceTree = "<group>";
		};
/* End PBXGroup section */

/* Begin PBXNativeTarget section */
		C5648DE6295AA2DE00322231 /* SwiftUIStudy */ = {
			isa = PBXNativeTarget;
			buildConfigurationList = C5648DF5295AA2E000322231 /* Build configuration list for PBXNativeTarget "SwiftUIStudy" */;
			buildPhases = (
				C5648DE3295AA2DE00322231 /* Sources */,
				C5648DE4295AA2DE00322231 /* Frameworks */,
				C5648DE5295AA2DE00322231 /* Resources */,
			);
			buildRules = (
			);
			dependencies = (
			);
			name = SwiftUIStudy;
			packageProductDependencies = (
				C5592B82298BCD2D001010D6 /* CodeScanner */,
				C55F82DB29A6ED2500D440A4 /* SwiftUITooltip */,
				C5399A9129D05A88000A5C5C /* PopupView */,
			);
			productName = SwiftUIStudy;
			productReference = C5648DE7295AA2DE00322231 /* SwiftUIStudy.app */;
			productType = "com.apple.product-type.application";
		};
/* End PBXNativeTarget section */

/* Begin PBXProject section */
		C5648DDF295AA2DE00322231 /* Project object */ = {
			isa = PBXProject;
			attributes = {
				BuildIndependentTargetsInParallel = 1;
				LastSwiftUpdateCheck = 1410;
				LastUpgradeCheck = 1410;
				TargetAttributes = {
					C5648DE6295AA2DE00322231 = {
						CreatedOnToolsVersion = 14.1;
					};
				};
			};
			buildConfigurationList = C5648DE2295AA2DE00322231 /* Build configuration list for PBXProject "SwiftUIStudy" */;
			compatibilityVersion = "Xcode 14.0";
			developmentRegion = en;
			hasScannedForEncodings = 0;
			knownRegions = (
				en,
				Base,
			);
			mainGroup = C5648DDE295AA2DE00322231;
			packageReferences = (
				C5592B81298BCD2D001010D6 /* XCRemoteSwiftPackageReference "CodeScanner" */,
				C55F82DA29A6ED2500D440A4 /* XCRemoteSwiftPackageReference "SwiftUI-Tooltip" */,
				C5399A9029D05A88000A5C5C /* XCRemoteSwiftPackageReference "PopupView" */,
			);
			productRefGroup = C5648DE8295AA2DE00322231 /* Products */;
			projectDirPath = "";
			projectRoot = "";
			targets = (
				C5648DE6295AA2DE00322231 /* SwiftUIStudy */,
			);
		};
/* End PBXProject section */

/* Begin PBXResourcesBuildPhase section */
		C5648DE5295AA2DE00322231 /* Resources */ = {
			isa = PBXResourcesBuildPhase;
			buildActionMask = 2147483647;
			files = (
				C5648DF2295AA2E000322231 /* Preview Assets.xcassets in Resources */,
				C58B8A8F29A3589A00C8A064 /* start.txt in Resources */,
				C5648DEF295AA2E000322231 /* Assets.xcassets in Resources */,
			);
			runOnlyForDeploymentPostprocessing = 0;
		};
/* End PBXResourcesBuildPhase section */

/* Begin PBXSourcesBuildPhase section */
		C5648DE3295AA2DE00322231 /* Sources */ = {
			isa = PBXSourcesBuildPhase;
			buildActionMask = 2147483647;
			files = (
				C596E0C129C206E5008E1FF8 /* ButtonStyleView.swift in Sources */,
				C5B05F7D29AF86A1009B21B4 /* PopoverView.swift in Sources */,
				C5648DED295AA2DE00322231 /* ContentView.swift in Sources */,
				C5592B7E298BBE71001010D6 /* JTabViewColor.swift in Sources */,
				C5B0F84E299A4E940043EA51 /* StateView.swift in Sources */,
				C5B0F84C299A4E8E0043EA51 /* BindingView.swift in Sources */,
				C59F99A2296EFBC9003489AF /* SettingsView.swift in Sources */,
				C5592B7C298BBD1F001010D6 /* JTapView.swift in Sources */,
				C5B628A3298CA82F00C96C9C /* ScanData.swift in Sources */,
				C59F99B6296F5CBB003489AF /* DatePickerView.swift in Sources */,
				C58A84532964A64300FB6644 /* ViewAndModifiers.swift in Sources */,
				C5D9C9EA2987BB4C00AF757C /* APICallsPracticeView.swift in Sources */,
				C5E2CE252976047D000E86AD /* testView.swift in Sources */,
				C517E647298F8BC30048C920 /* SContentView.swift in Sources */,
				C517E649298F8BD70048C920 /* SViewModel.swift in Sources */,
				C5DF4581296E1CA600EEB686 /* MyImageView.swift in Sources */,
				C59191DF29E4EF6400DAB502 /* EnumSetting.swift in Sources */,
				C539BD2F295AE9C10034C2B0 /* TextFieldView.swift in Sources */,
				C5A8CBA0295D84B10096E2E6 /* GradientView.swift in Sources */,
				C50BDB64299FB55400F59576 /* ToggleView.swift in Sources */,
				C5CF708E2A94DD0D0091D5DB /* Champion.swift in Sources */,
				C59F99A4296EFBD2003489AF /* JournalView.swift in Sources */,
				C539BD3D295BEA760034C2B0 /* EmojiProvider.swift in Sources */,
				C5F409202992BC74001D5096 /* BetterRest.swift in Sources */,
				C5E2CE2C297D0D06000E86AD /* SearchView.swift in Sources */,
				C5E2CE232975A641000E86AD /* IF삼항연산자.swift in Sources */,
				C58B8A8529A34A0400C8A064 /* ListView.swift in Sources */,
				C522B0B529E6E09900B1DDE6 /* LinkView.swift in Sources */,
				C517E62A298EC6440048C920 /* OAnotherView.swift in Sources */,
				C51A6FA129865C5A0020733A /* MVVMTFV.swift in Sources */,
				C5592B77298B85B6001010D6 /* JTextContentView.swift in Sources */,
				C5592B79298B9675001010D6 /* JGeometryReader.swift in Sources */,
				C556177129D854AA00001527 /* ShowingAndHidingView.swift in Sources */,
				C5592B74298B83A0001010D6 /* JWebContentView.swift in Sources */,
				C539BD31295B1EFF0034C2B0 /* PickerView.swift in Sources */,
				C539BD36295BE6320034C2B0 /* StackView.swift in Sources */,
				C5A8CBA72960AF700096E2E6 /* ButtonView.swift in Sources */,
				C5107CFE29B195490062B210 /* MenuMainView.swift in Sources */,
				C51A6FA929865E5D0020733A /* MVVMMV.swift in Sources */,
				C58B8A8B29A3551900C8A064 /* WordScramble.swift in Sources */,
				C5648DEB295AA2DE00322231 /* SwiftUIStudyApp.swift in Sources */,
				C59F99B8296F67BC003489AF /* DateView.swift in Sources */,
				C539BD38295BE81C0034C2B0 /* ColorAndFrameView.swift in Sources */,
				C59F99B1296F3946003489AF /* CustomContainerView.swift in Sources */,
				C5B628A7298CAA6300C96C9C /* TextRecognizer.swift in Sources */,
				C5D9C9EE2987BC3600AF757C /* APICallsModel.swift in Sources */,
				C51A6FA729865DF90020733A /* MVVMDV.swift in Sources */,
				C51A6FA329865C880020733A /* MVVMVM.swift in Sources */,
				C58A8451296485DE00FB6644 /* GuessTheFlag.swift in Sources */,
				C596E0C329C20725008E1FF8 /* MyButtonStyle.swift in Sources */,
				C55F82DE29A6ED3E00D440A4 /* ToolTipView.swift in Sources */,
				C59F999E296EFBBC003489AF /* TabMainView.swift in Sources */,
				C59191D829E2BFC400DAB502 /* JFilteredList.swift in Sources */,
				C5CF70922A94DD4C0091D5DB /* ChampionView.swift in Sources */,
				C56D6BCA29B8A2D6002C24D1 /* CSumView.swift in Sources */,
				C517E64B298F8D930048C920 /* SRandomNumberView.swift in Sources */,
				C5B628A5298CA91700C96C9C /* ScannerView.swift in Sources */,
				C517E62C298EC83E0048C920 /* OUserWrapper.swift in Sources */,
				C5F409222992BEF2001D5096 /* SleepCalculator.mlmodel in Sources */,
				C5B05F8429AF88E5009B21B4 /* ModalView.swift in Sources */,
				C5DF4585296E1F5900EEB686 /* ProfileView.swift in Sources */,
				C5D9CA3D2988C0E800AF757C /* JContentView.swift in Sources */,
				C59F99AD296EFFBA003489AF /* BasicAdaptableView.swift in Sources */,
				C517E626298EC6160048C920 /* OUser.swift in Sources */,
				C5B05F7F29AF86B2009B21B4 /* PopoverMainView.swift in Sources */,
				C52C4B7429B7221000454CB1 /* SpacerView.swift in Sources */,
				C59191DD29E4EBC400DAB502 /* EnumNaviLink.swift in Sources */,
				C5B05F8829AF8CE9009B21B4 /* PresentView.swift in Sources */,
				C5447CD229FB62DF00205902 /* LocalNotifications.swift in Sources */,
				C5B05F8629AF88EC009B21B4 /* ModalMainView.swift in Sources */,
				C59F99B4296F428A003489AF /* StepperView.swift in Sources */,
				C556177629DAADB400001527 /* SACView.swift in Sources */,
				C5D7944929C830F800242C5A /* LocalizationView.swift in Sources */,
				C596E0C629C20DA9008E1FF8 /* PopupView.swift in Sources */,
				C517E64D298FC22D0048C920 /* TextView.swift in Sources */,
				C5B05F7829AC74EE009B21B4 /* SheetView.swift in Sources */,
				C539BD33295B23C30034C2B0 /* CurrencyView.swift in Sources */,
				C5CF70902A94DD2A0091D5DB /* DDViewModel.swift in Sources */,
				C56108C229BB312800777D3E /* FluxView.swift in Sources */,
				C5592B6F298B7E54001010D6 /* UIGram.swift in Sources */,
				C5D9CA412988C8B100AF757C /* JMyTextView.swift in Sources */,
				C5592B71298B8062001010D6 /* JMyWebview.swift in Sources */,
				C539BD3A295BEA290034C2B0 /* SearchBarView.swift in Sources */,
				C59F99A9296EFC89003489AF /* AlternativeContentView.swift in Sources */,
				C5B0F840299688380043EA51 /* FileManagerView.swift in Sources */,
				C5447CD429FB636B00205902 /* LocalNotificationManager.swift in Sources */,
				C51A6FA529865D140020733A /* MVVMM.swift in Sources */,
				C5A8CBA2295E89BF0096E2E6 /* Todos.swift in Sources */,
				C5D9C9F02987BED600AF757C /* APICallsImageView.swift in Sources */,
				C5B628A1298CA75100C96C9C /* VisionKitView.swift in Sources */,
				C5B628A9298CFBA600C96C9C /* PhotosUIView.swift in Sources */,
				C5592B80298BCCEB001010D6 /* QRReaderView.swift in Sources */,
				C5BCBF1D29D455A8001D10C0 /* MultiplatformSampleCode.swift in Sources */,
				C56D6BCE29B8A322002C24D1 /* CCulcModel.swift in Sources */,
				C5DF4583296E1D7C00EEB686 /* MapView.swift in Sources */,
				C539BD2D295AB8D70034C2B0 /* CountingButton.swift in Sources */,
				C539BD29295AB4160034C2B0 /* AlertView.swift in Sources */,
				C59F99A7296EFC64003489AF /* AlternativeScene.swift in Sources */,
				C5D9CA3F2988C24B00AF757C /* JMyVStackView.swift in Sources */,
				C5DF457F296E1C6400EEB686 /* MyNameView.swift in Sources */,
				C5107D0129B2143D0062B210 /* FileManagerScreen.swift in Sources */,
				C517E628298EC6270048C920 /* OContentView.swift in Sources */,
				C5D9C9EC2987BB8300AF757C /* APICallsViewModel.swift in Sources */,
			);
			runOnlyForDeploymentPostprocessing = 0;
		};
/* End PBXSourcesBuildPhase section */

/* Begin XCBuildConfiguration section */
		C5648DF3295AA2E000322231 /* Debug */ = {
			isa = XCBuildConfiguration;
			buildSettings = {
				ALWAYS_SEARCH_USER_PATHS = NO;
				CLANG_ANALYZER_NONNULL = YES;
				CLANG_ANALYZER_NUMBER_OBJECT_CONVERSION = YES_AGGRESSIVE;
				CLANG_CXX_LANGUAGE_STANDARD = "gnu++20";
				CLANG_ENABLE_MODULES = YES;
				CLANG_ENABLE_OBJC_ARC = YES;
				CLANG_ENABLE_OBJC_WEAK = YES;
				CLANG_WARN_BLOCK_CAPTURE_AUTORELEASING = YES;
				CLANG_WARN_BOOL_CONVERSION = YES;
				CLANG_WARN_COMMA = YES;
				CLANG_WARN_CONSTANT_CONVERSION = YES;
				CLANG_WARN_DEPRECATED_OBJC_IMPLEMENTATIONS = YES;
				CLANG_WARN_DIRECT_OBJC_ISA_USAGE = YES_ERROR;
				CLANG_WARN_DOCUMENTATION_COMMENTS = YES;
				CLANG_WARN_EMPTY_BODY = YES;
				CLANG_WARN_ENUM_CONVERSION = YES;
				CLANG_WARN_INFINITE_RECURSION = YES;
				CLANG_WARN_INT_CONVERSION = YES;
				CLANG_WARN_NON_LITERAL_NULL_CONVERSION = YES;
				CLANG_WARN_OBJC_IMPLICIT_RETAIN_SELF = YES;
				CLANG_WARN_OBJC_LITERAL_CONVERSION = YES;
				CLANG_WARN_OBJC_ROOT_CLASS = YES_ERROR;
				CLANG_WARN_QUOTED_INCLUDE_IN_FRAMEWORK_HEADER = YES;
				CLANG_WARN_RANGE_LOOP_ANALYSIS = YES;
				CLANG_WARN_STRICT_PROTOTYPES = YES;
				CLANG_WARN_SUSPICIOUS_MOVE = YES;
				CLANG_WARN_UNGUARDED_AVAILABILITY = YES_AGGRESSIVE;
				CLANG_WARN_UNREACHABLE_CODE = YES;
				CLANG_WARN__DUPLICATE_METHOD_MATCH = YES;
				COPY_PHASE_STRIP = NO;
				DEBUG_INFORMATION_FORMAT = dwarf;
				ENABLE_STRICT_OBJC_MSGSEND = YES;
				ENABLE_TESTABILITY = YES;
				GCC_C_LANGUAGE_STANDARD = gnu11;
				GCC_DYNAMIC_NO_PIC = NO;
				GCC_NO_COMMON_BLOCKS = YES;
				GCC_OPTIMIZATION_LEVEL = 0;
				GCC_PREPROCESSOR_DEFINITIONS = (
					"DEBUG=1",
					"$(inherited)",
				);
				GCC_WARN_64_TO_32_BIT_CONVERSION = YES;
				GCC_WARN_ABOUT_RETURN_TYPE = YES_ERROR;
				GCC_WARN_UNDECLARED_SELECTOR = YES;
				GCC_WARN_UNINITIALIZED_AUTOS = YES_AGGRESSIVE;
				GCC_WARN_UNUSED_FUNCTION = YES;
				GCC_WARN_UNUSED_VARIABLE = YES;
				IPHONEOS_DEPLOYMENT_TARGET = 16.1;
				MTL_ENABLE_DEBUG_INFO = INCLUDE_SOURCE;
				MTL_FAST_MATH = YES;
				ONLY_ACTIVE_ARCH = YES;
				SDKROOT = iphoneos;
				SWIFT_ACTIVE_COMPILATION_CONDITIONS = DEBUG;
				SWIFT_OPTIMIZATION_LEVEL = "-Onone";
			};
			name = Debug;
		};
		C5648DF4295AA2E000322231 /* Release */ = {
			isa = XCBuildConfiguration;
			buildSettings = {
				ALWAYS_SEARCH_USER_PATHS = NO;
				CLANG_ANALYZER_NONNULL = YES;
				CLANG_ANALYZER_NUMBER_OBJECT_CONVERSION = YES_AGGRESSIVE;
				CLANG_CXX_LANGUAGE_STANDARD = "gnu++20";
				CLANG_ENABLE_MODULES = YES;
				CLANG_ENABLE_OBJC_ARC = YES;
				CLANG_ENABLE_OBJC_WEAK = YES;
				CLANG_WARN_BLOCK_CAPTURE_AUTORELEASING = YES;
				CLANG_WARN_BOOL_CONVERSION = YES;
				CLANG_WARN_COMMA = YES;
				CLANG_WARN_CONSTANT_CONVERSION = YES;
				CLANG_WARN_DEPRECATED_OBJC_IMPLEMENTATIONS = YES;
				CLANG_WARN_DIRECT_OBJC_ISA_USAGE = YES_ERROR;
				CLANG_WARN_DOCUMENTATION_COMMENTS = YES;
				CLANG_WARN_EMPTY_BODY = YES;
				CLANG_WARN_ENUM_CONVERSION = YES;
				CLANG_WARN_INFINITE_RECURSION = YES;
				CLANG_WARN_INT_CONVERSION = YES;
				CLANG_WARN_NON_LITERAL_NULL_CONVERSION = YES;
				CLANG_WARN_OBJC_IMPLICIT_RETAIN_SELF = YES;
				CLANG_WARN_OBJC_LITERAL_CONVERSION = YES;
				CLANG_WARN_OBJC_ROOT_CLASS = YES_ERROR;
				CLANG_WARN_QUOTED_INCLUDE_IN_FRAMEWORK_HEADER = YES;
				CLANG_WARN_RANGE_LOOP_ANALYSIS = YES;
				CLANG_WARN_STRICT_PROTOTYPES = YES;
				CLANG_WARN_SUSPICIOUS_MOVE = YES;
				CLANG_WARN_UNGUARDED_AVAILABILITY = YES_AGGRESSIVE;
				CLANG_WARN_UNREACHABLE_CODE = YES;
				CLANG_WARN__DUPLICATE_METHOD_MATCH = YES;
				COPY_PHASE_STRIP = NO;
				DEBUG_INFORMATION_FORMAT = "dwarf-with-dsym";
				ENABLE_NS_ASSERTIONS = NO;
				ENABLE_STRICT_OBJC_MSGSEND = YES;
				GCC_C_LANGUAGE_STANDARD = gnu11;
				GCC_NO_COMMON_BLOCKS = YES;
				GCC_WARN_64_TO_32_BIT_CONVERSION = YES;
				GCC_WARN_ABOUT_RETURN_TYPE = YES_ERROR;
				GCC_WARN_UNDECLARED_SELECTOR = YES;
				GCC_WARN_UNINITIALIZED_AUTOS = YES_AGGRESSIVE;
				GCC_WARN_UNUSED_FUNCTION = YES;
				GCC_WARN_UNUSED_VARIABLE = YES;
				IPHONEOS_DEPLOYMENT_TARGET = 16.1;
				MTL_ENABLE_DEBUG_INFO = NO;
				MTL_FAST_MATH = YES;
				SDKROOT = iphoneos;
				SWIFT_COMPILATION_MODE = wholemodule;
				SWIFT_OPTIMIZATION_LEVEL = "-O";
				VALIDATE_PRODUCT = YES;
			};
			name = Release;
		};
		C5648DF6295AA2E000322231 /* Debug */ = {
			isa = XCBuildConfiguration;
			buildSettings = {
				ASSETCATALOG_COMPILER_APPICON_NAME = AppIcon;
				ASSETCATALOG_COMPILER_GLOBAL_ACCENT_COLOR_NAME = AccentColor;
				CODE_SIGN_STYLE = Automatic;
				CURRENT_PROJECT_VERSION = 1;
				DEVELOPMENT_ASSET_PATHS = "\"SwiftUIStudy/Preview Content\"";
				DEVELOPMENT_TEAM = YULBA58FUP;
				ENABLE_PREVIEWS = YES;
				GENERATE_INFOPLIST_FILE = YES;
				INFOPLIST_FILE = SwiftUIStudy/Info.plist;
				INFOPLIST_KEY_NSCameraUsageDescription = "QR코드 스캔을 위한 카메라 권한";
				INFOPLIST_KEY_UIApplicationSupportsIndirectInputEvents = YES;
				INFOPLIST_KEY_UILaunchScreen_Generation = YES;
				INFOPLIST_KEY_UISupportedInterfaceOrientations_iPad = "UIInterfaceOrientationPortrait UIInterfaceOrientationPortraitUpsideDown UIInterfaceOrientationLandscapeLeft UIInterfaceOrientationLandscapeRight";
				INFOPLIST_KEY_UISupportedInterfaceOrientations_iPhone = "UIInterfaceOrientationPortrait UIInterfaceOrientationLandscapeLeft UIInterfaceOrientationLandscapeRight";
				LD_RUNPATH_SEARCH_PATHS = (
					"$(inherited)",
					"@executable_path/Frameworks",
				);
				MARKETING_VERSION = 1.0;
				PRODUCT_BUNDLE_IDENTIFIER = DaeMin.Kang.SwiftUIStudy;
				PRODUCT_NAME = "$(TARGET_NAME)";
				SWIFT_EMIT_LOC_STRINGS = YES;
				SWIFT_VERSION = 5.0;
				TARGETED_DEVICE_FAMILY = "1,2";
			};
			name = Debug;
		};
		C5648DF7295AA2E000322231 /* Release */ = {
			isa = XCBuildConfiguration;
			buildSettings = {
				ASSETCATALOG_COMPILER_APPICON_NAME = AppIcon;
				ASSETCATALOG_COMPILER_GLOBAL_ACCENT_COLOR_NAME = AccentColor;
				CODE_SIGN_STYLE = Automatic;
				CURRENT_PROJECT_VERSION = 1;
				DEVELOPMENT_ASSET_PATHS = "\"SwiftUIStudy/Preview Content\"";
				DEVELOPMENT_TEAM = YULBA58FUP;
				ENABLE_PREVIEWS = YES;
				GENERATE_INFOPLIST_FILE = YES;
				INFOPLIST_FILE = SwiftUIStudy/Info.plist;
				INFOPLIST_KEY_NSCameraUsageDescription = "QR코드 스캔을 위한 카메라 권한";
				INFOPLIST_KEY_UIApplicationSupportsIndirectInputEvents = YES;
				INFOPLIST_KEY_UILaunchScreen_Generation = YES;
				INFOPLIST_KEY_UISupportedInterfaceOrientations_iPad = "UIInterfaceOrientationPortrait UIInterfaceOrientationPortraitUpsideDown UIInterfaceOrientationLandscapeLeft UIInterfaceOrientationLandscapeRight";
				INFOPLIST_KEY_UISupportedInterfaceOrientations_iPhone = "UIInterfaceOrientationPortrait UIInterfaceOrientationLandscapeLeft UIInterfaceOrientationLandscapeRight";
				LD_RUNPATH_SEARCH_PATHS = (
					"$(inherited)",
					"@executable_path/Frameworks",
				);
				MARKETING_VERSION = 1.0;
				PRODUCT_BUNDLE_IDENTIFIER = DaeMin.Kang.SwiftUIStudy;
				PRODUCT_NAME = "$(TARGET_NAME)";
				SWIFT_EMIT_LOC_STRINGS = YES;
				SWIFT_VERSION = 5.0;
				TARGETED_DEVICE_FAMILY = "1,2";
			};
			name = Release;
		};
/* End XCBuildConfiguration section */

/* Begin XCConfigurationList section */
		C5648DE2295AA2DE00322231 /* Build configuration list for PBXProject "SwiftUIStudy" */ = {
			isa = XCConfigurationList;
			buildConfigurations = (
				C5648DF3295AA2E000322231 /* Debug */,
				C5648DF4295AA2E000322231 /* Release */,
			);
			defaultConfigurationIsVisible = 0;
			defaultConfigurationName = Release;
		};
		C5648DF5295AA2E000322231 /* Build configuration list for PBXNativeTarget "SwiftUIStudy" */ = {
			isa = XCConfigurationList;
			buildConfigurations = (
				C5648DF6295AA2E000322231 /* Debug */,
				C5648DF7295AA2E000322231 /* Release */,
			);
			defaultConfigurationIsVisible = 0;
			defaultConfigurationName = Release;
		};
/* End XCConfigurationList section */

/* Begin XCRemoteSwiftPackageReference section */
		C5399A9029D05A88000A5C5C /* XCRemoteSwiftPackageReference "PopupView" */ = {
			isa = XCRemoteSwiftPackageReference;
			repositoryURL = "https://github.com/exyte/PopupView";
			requirement = {
				kind = upToNextMajorVersion;
				minimumVersion = 2.0.0;
			};
		};
		C5592B81298BCD2D001010D6 /* XCRemoteSwiftPackageReference "CodeScanner" */ = {
			isa = XCRemoteSwiftPackageReference;
			repositoryURL = "https://github.com/twostraws/CodeScanner";
			requirement = {
				kind = upToNextMajorVersion;
				minimumVersion = 2.0.0;
			};
		};
		C55F82DA29A6ED2500D440A4 /* XCRemoteSwiftPackageReference "SwiftUI-Tooltip" */ = {
			isa = XCRemoteSwiftPackageReference;
			repositoryURL = "https://github.com/quassum/SwiftUI-Tooltip";
			requirement = {
				kind = upToNextMajorVersion;
				minimumVersion = 1.0.0;
			};
		};
/* End XCRemoteSwiftPackageReference section */

/* Begin XCSwiftPackageProductDependency section */
		C5399A9129D05A88000A5C5C /* PopupView */ = {
			isa = XCSwiftPackageProductDependency;
			package = C5399A9029D05A88000A5C5C /* XCRemoteSwiftPackageReference "PopupView" */;
			productName = PopupView;
		};
		C5592B82298BCD2D001010D6 /* CodeScanner */ = {
			isa = XCSwiftPackageProductDependency;
			package = C5592B81298BCD2D001010D6 /* XCRemoteSwiftPackageReference "CodeScanner" */;
			productName = CodeScanner;
		};
		C55F82DB29A6ED2500D440A4 /* SwiftUITooltip */ = {
			isa = XCSwiftPackageProductDependency;
			package = C55F82DA29A6ED2500D440A4 /* XCRemoteSwiftPackageReference "SwiftUI-Tooltip" */;
			productName = SwiftUITooltip;
		};
/* End XCSwiftPackageProductDependency section */
	};
	rootObject = C5648DDF295AA2DE00322231 /* Project object */;
}
