// !$*UTF8*$!
{
	archiveVersion = 1;
	classes = {
	};
	objectVersion = 56;
	objects = {

/* Begin PBXBuildFile section */
		C539BD29295AB4160034C2B0 /* AlertView.swift in Sources */ = {isa = PBXBuildFile; fileRef = C539BD28295AB4160034C2B0 /* AlertView.swift */; };
		C539BD2D295AB8D70034C2B0 /* CountingButton.swift in Sources */ = {isa = PBXBuildFile; fileRef = C539BD2C295AB8D70034C2B0 /* CountingButton.swift */; };
		C539BD2F295AE9C10034C2B0 /* TextFieldView.swift in Sources */ = {isa = PBXBuildFile; fileRef = C539BD2E295AE9C10034C2B0 /* TextFieldView.swift */; };
		C539BD31295B1EFF0034C2B0 /* PickerView.swift in Sources */ = {isa = PBXBuildFile; fileRef = C539BD30295B1EFF0034C2B0 /* PickerView.swift */; };
		C539BD33295B23C30034C2B0 /* CurrencyView.swift in Sources */ = {isa = PBXBuildFile; fileRef = C539BD32295B23C30034C2B0 /* CurrencyView.swift */; };
		C539BD36295BE6320034C2B0 /* StackView.swift in Sources */ = {isa = PBXBuildFile; fileRef = C539BD35295BE6320034C2B0 /* StackView.swift */; };
		C539BD38295BE81C0034C2B0 /* ColorAndFrameView.swift in Sources */ = {isa = PBXBuildFile; fileRef = C539BD37295BE81C0034C2B0 /* ColorAndFrameView.swift */; };
		C539BD3A295BEA290034C2B0 /* SearchBarView.swift in Sources */ = {isa = PBXBuildFile; fileRef = C539BD39295BEA290034C2B0 /* SearchBarView.swift */; };
		C539BD3D295BEA760034C2B0 /* EmojiProvider.swift in Sources */ = {isa = PBXBuildFile; fileRef = C539BD3C295BEA760034C2B0 /* EmojiProvider.swift */; };
		C5648DEB295AA2DE00322231 /* SwiftUIStudyApp.swift in Sources */ = {isa = PBXBuildFile; fileRef = C5648DEA295AA2DE00322231 /* SwiftUIStudyApp.swift */; };
		C5648DED295AA2DE00322231 /* ContentView.swift in Sources */ = {isa = PBXBuildFile; fileRef = C5648DEC295AA2DE00322231 /* ContentView.swift */; };
		C5648DEF295AA2E000322231 /* Assets.xcassets in Resources */ = {isa = PBXBuildFile; fileRef = C5648DEE295AA2E000322231 /* Assets.xcassets */; };
		C5648DF2295AA2E000322231 /* Preview Assets.xcassets in Resources */ = {isa = PBXBuildFile; fileRef = C5648DF1295AA2E000322231 /* Preview Assets.xcassets */; };
		C58A8451296485DE00FB6644 /* GuessTheFlag.swift in Sources */ = {isa = PBXBuildFile; fileRef = C58A8450296485DE00FB6644 /* GuessTheFlag.swift */; };
		C5A8CBA0295D84B10096E2E6 /* GradientView.swift in Sources */ = {isa = PBXBuildFile; fileRef = C5A8CB9F295D84B10096E2E6 /* GradientView.swift */; };
		C5A8CBA2295E89BF0096E2E6 /* Todos.swift in Sources */ = {isa = PBXBuildFile; fileRef = C5A8CBA1295E89BF0096E2E6 /* Todos.swift */; };
		C5A8CBA72960AF700096E2E6 /* ButtonView.swift in Sources */ = {isa = PBXBuildFile; fileRef = C5A8CBA62960AF700096E2E6 /* ButtonView.swift */; };
/* End PBXBuildFile section */

/* Begin PBXFileReference section */
		C539BD28295AB4160034C2B0 /* AlertView.swift */ = {isa = PBXFileReference; lastKnownFileType = sourcecode.swift; path = AlertView.swift; sourceTree = "<group>"; };
		C539BD2C295AB8D70034C2B0 /* CountingButton.swift */ = {isa = PBXFileReference; lastKnownFileType = sourcecode.swift; path = CountingButton.swift; sourceTree = "<group>"; };
		C539BD2E295AE9C10034C2B0 /* TextFieldView.swift */ = {isa = PBXFileReference; lastKnownFileType = sourcecode.swift; path = TextFieldView.swift; sourceTree = "<group>"; };
		C539BD30295B1EFF0034C2B0 /* PickerView.swift */ = {isa = PBXFileReference; lastKnownFileType = sourcecode.swift; path = PickerView.swift; sourceTree = "<group>"; };
		C539BD32295B23C30034C2B0 /* CurrencyView.swift */ = {isa = PBXFileReference; lastKnownFileType = sourcecode.swift; path = CurrencyView.swift; sourceTree = "<group>"; };
		C539BD35295BE6320034C2B0 /* StackView.swift */ = {isa = PBXFileReference; lastKnownFileType = sourcecode.swift; path = StackView.swift; sourceTree = "<group>"; };
		C539BD37295BE81C0034C2B0 /* ColorAndFrameView.swift */ = {isa = PBXFileReference; lastKnownFileType = sourcecode.swift; path = ColorAndFrameView.swift; sourceTree = "<group>"; };
		C539BD39295BEA290034C2B0 /* SearchBarView.swift */ = {isa = PBXFileReference; lastKnownFileType = sourcecode.swift; path = SearchBarView.swift; sourceTree = "<group>"; };
		C539BD3C295BEA760034C2B0 /* EmojiProvider.swift */ = {isa = PBXFileReference; lastKnownFileType = sourcecode.swift; path = EmojiProvider.swift; sourceTree = "<group>"; };
		C5648DE7295AA2DE00322231 /* SwiftUIStudy.app */ = {isa = PBXFileReference; explicitFileType = wrapper.application; includeInIndex = 0; path = SwiftUIStudy.app; sourceTree = BUILT_PRODUCTS_DIR; };
		C5648DEA295AA2DE00322231 /* SwiftUIStudyApp.swift */ = {isa = PBXFileReference; lastKnownFileType = sourcecode.swift; path = SwiftUIStudyApp.swift; sourceTree = "<group>"; };
		C5648DEC295AA2DE00322231 /* ContentView.swift */ = {isa = PBXFileReference; lastKnownFileType = sourcecode.swift; path = ContentView.swift; sourceTree = "<group>"; };
		C5648DEE295AA2E000322231 /* Assets.xcassets */ = {isa = PBXFileReference; lastKnownFileType = folder.assetcatalog; path = Assets.xcassets; sourceTree = "<group>"; };
		C5648DF1295AA2E000322231 /* Preview Assets.xcassets */ = {isa = PBXFileReference; lastKnownFileType = folder.assetcatalog; path = "Preview Assets.xcassets"; sourceTree = "<group>"; };
		C58A8450296485DE00FB6644 /* GuessTheFlag.swift */ = {isa = PBXFileReference; lastKnownFileType = sourcecode.swift; path = GuessTheFlag.swift; sourceTree = "<group>"; };
		C5A8CB9F295D84B10096E2E6 /* GradientView.swift */ = {isa = PBXFileReference; lastKnownFileType = sourcecode.swift; path = GradientView.swift; sourceTree = "<group>"; };
		C5A8CBA1295E89BF0096E2E6 /* Todos.swift */ = {isa = PBXFileReference; lastKnownFileType = sourcecode.swift; path = Todos.swift; sourceTree = "<group>"; };
		C5A8CBA62960AF700096E2E6 /* ButtonView.swift */ = {isa = PBXFileReference; lastKnownFileType = sourcecode.swift; path = ButtonView.swift; sourceTree = "<group>"; };
/* End PBXFileReference section */

/* Begin PBXFrameworksBuildPhase section */
		C5648DE4295AA2DE00322231 /* Frameworks */ = {
			isa = PBXFrameworksBuildPhase;
			buildActionMask = 2147483647;
			files = (
			);
			runOnlyForDeploymentPostprocessing = 0;
		};
/* End PBXFrameworksBuildPhase section */

/* Begin PBXGroup section */
		C539BD2A295AB41F0034C2B0 /* Main */ = {
			isa = PBXGroup;
			children = (
				C5648DEC295AA2DE00322231 /* ContentView.swift */,
			);
			path = Main;
			sourceTree = "<group>";
		};
		C539BD2B295AB42C0034C2B0 /* Study */ = {
			isa = PBXGroup;
			children = (
				C539BD28295AB4160034C2B0 /* AlertView.swift */,
				C539BD2E295AE9C10034C2B0 /* TextFieldView.swift */,
				C539BD30295B1EFF0034C2B0 /* PickerView.swift */,
				C539BD35295BE6320034C2B0 /* StackView.swift */,
				C539BD37295BE81C0034C2B0 /* ColorAndFrameView.swift */,
				C5A8CB9F295D84B10096E2E6 /* GradientView.swift */,
				C5A8CBA62960AF700096E2E6 /* ButtonView.swift */,
			);
			path = Study;
			sourceTree = "<group>";
		};
		C539BD34295BE36F0034C2B0 /* BasicApp */ = {
			isa = PBXGroup;
			children = (
				C539BD2C295AB8D70034C2B0 /* CountingButton.swift */,
				C539BD32295B23C30034C2B0 /* CurrencyView.swift */,
				C539BD3B295BEA540034C2B0 /* SearchBarView */,
				C5A8CBA1295E89BF0096E2E6 /* Todos.swift */,
				C58A8450296485DE00FB6644 /* GuessTheFlag.swift */,
			);
			path = BasicApp;
			sourceTree = "<group>";
		};
		C539BD3B295BEA540034C2B0 /* SearchBarView */ = {
			isa = PBXGroup;
			children = (
				C539BD39295BEA290034C2B0 /* SearchBarView.swift */,
				C539BD3C295BEA760034C2B0 /* EmojiProvider.swift */,
			);
			path = SearchBarView;
			sourceTree = "<group>";
		};
		C5648DDE295AA2DE00322231 = {
			isa = PBXGroup;
			children = (
				C5648DE9295AA2DE00322231 /* SwiftUIStudy */,
				C5648DE8295AA2DE00322231 /* Products */,
			);
			sourceTree = "<group>";
		};
		C5648DE8295AA2DE00322231 /* Products */ = {
			isa = PBXGroup;
			children = (
				C5648DE7295AA2DE00322231 /* SwiftUIStudy.app */,
			);
			name = Products;
			sourceTree = "<group>";
		};
		C5648DE9295AA2DE00322231 /* SwiftUIStudy */ = {
			isa = PBXGroup;
			children = (
				C539BD2A295AB41F0034C2B0 /* Main */,
				C539BD2B295AB42C0034C2B0 /* Study */,
				C539BD34295BE36F0034C2B0 /* BasicApp */,
				C5648DEE295AA2E000322231 /* Assets.xcassets */,
				C5648DEA295AA2DE00322231 /* SwiftUIStudyApp.swift */,
				C5648DF0295AA2E000322231 /* Preview Content */,
			);
			path = SwiftUIStudy;
			sourceTree = "<group>";
		};
		C5648DF0295AA2E000322231 /* Preview Content */ = {
			isa = PBXGroup;
			children = (
				C5648DF1295AA2E000322231 /* Preview Assets.xcassets */,
			);
			path = "Preview Content";
			sourceTree = "<group>";
		};
/* End PBXGroup section */

/* Begin PBXNativeTarget section */
		C5648DE6295AA2DE00322231 /* SwiftUIStudy */ = {
			isa = PBXNativeTarget;
			buildConfigurationList = C5648DF5295AA2E000322231 /* Build configuration list for PBXNativeTarget "SwiftUIStudy" */;
			buildPhases = (
				C5648DE3295AA2DE00322231 /* Sources */,
				C5648DE4295AA2DE00322231 /* Frameworks */,
				C5648DE5295AA2DE00322231 /* Resources */,
			);
			buildRules = (
			);
			dependencies = (
			);
			name = SwiftUIStudy;
			productName = SwiftUIStudy;
			productReference = C5648DE7295AA2DE00322231 /* SwiftUIStudy.app */;
			productType = "com.apple.product-type.application";
		};
/* End PBXNativeTarget section */

/* Begin PBXProject section */
		C5648DDF295AA2DE00322231 /* Project object */ = {
			isa = PBXProject;
			attributes = {
				BuildIndependentTargetsInParallel = 1;
				LastSwiftUpdateCheck = 1410;
				LastUpgradeCheck = 1410;
				TargetAttributes = {
					C5648DE6295AA2DE00322231 = {
						CreatedOnToolsVersion = 14.1;
					};
				};
			};
			buildConfigurationList = C5648DE2295AA2DE00322231 /* Build configuration list for PBXProject "SwiftUIStudy" */;
			compatibilityVersion = "Xcode 14.0";
			developmentRegion = en;
			hasScannedForEncodings = 0;
			knownRegions = (
				en,
				Base,
			);
			mainGroup = C5648DDE295AA2DE00322231;
			productRefGroup = C5648DE8295AA2DE00322231 /* Products */;
			projectDirPath = "";
			projectRoot = "";
			targets = (
				C5648DE6295AA2DE00322231 /* SwiftUIStudy */,
			);
		};
/* End PBXProject section */

/* Begin PBXResourcesBuildPhase section */
		C5648DE5295AA2DE00322231 /* Resources */ = {
			isa = PBXResourcesBuildPhase;
			buildActionMask = 2147483647;
			files = (
				C5648DF2295AA2E000322231 /* Preview Assets.xcassets in Resources */,
				C5648DEF295AA2E000322231 /* Assets.xcassets in Resources */,
			);
			runOnlyForDeploymentPostprocessing = 0;
		};
/* End PBXResourcesBuildPhase section */

/* Begin PBXSourcesBuildPhase section */
		C5648DE3295AA2DE00322231 /* Sources */ = {
			isa = PBXSourcesBuildPhase;
			buildActionMask = 2147483647;
			files = (
				C5648DED295AA2DE00322231 /* ContentView.swift in Sources */,
				C539BD2F295AE9C10034C2B0 /* TextFieldView.swift in Sources */,
				C5A8CBA0295D84B10096E2E6 /* GradientView.swift in Sources */,
				C539BD3D295BEA760034C2B0 /* EmojiProvider.swift in Sources */,
				C539BD31295B1EFF0034C2B0 /* PickerView.swift in Sources */,
				C539BD36295BE6320034C2B0 /* StackView.swift in Sources */,
				C5A8CBA72960AF700096E2E6 /* ButtonView.swift in Sources */,
				C5648DEB295AA2DE00322231 /* SwiftUIStudyApp.swift in Sources */,
				C539BD38295BE81C0034C2B0 /* ColorAndFrameView.swift in Sources */,
				C58A8451296485DE00FB6644 /* GuessTheFlag.swift in Sources */,
				C539BD33295B23C30034C2B0 /* CurrencyView.swift in Sources */,
				C539BD3A295BEA290034C2B0 /* SearchBarView.swift in Sources */,
				C5A8CBA2295E89BF0096E2E6 /* Todos.swift in Sources */,
				C539BD2D295AB8D70034C2B0 /* CountingButton.swift in Sources */,
				C539BD29295AB4160034C2B0 /* AlertView.swift in Sources */,
			);
			runOnlyForDeploymentPostprocessing = 0;
		};
/* End PBXSourcesBuildPhase section */

/* Begin XCBuildConfiguration section */
		C5648DF3295AA2E000322231 /* Debug */ = {
			isa = XCBuildConfiguration;
			buildSettings = {
				ALWAYS_SEARCH_USER_PATHS = NO;
				CLANG_ANALYZER_NONNULL = YES;
				CLANG_ANALYZER_NUMBER_OBJECT_CONVERSION = YES_AGGRESSIVE;
				CLANG_CXX_LANGUAGE_STANDARD = "gnu++20";
				CLANG_ENABLE_MODULES = YES;
				CLANG_ENABLE_OBJC_ARC = YES;
				CLANG_ENABLE_OBJC_WEAK = YES;
				CLANG_WARN_BLOCK_CAPTURE_AUTORELEASING = YES;
				CLANG_WARN_BOOL_CONVERSION = YES;
				CLANG_WARN_COMMA = YES;
				CLANG_WARN_CONSTANT_CONVERSION = YES;
				CLANG_WARN_DEPRECATED_OBJC_IMPLEMENTATIONS = YES;
				CLANG_WARN_DIRECT_OBJC_ISA_USAGE = YES_ERROR;
				CLANG_WARN_DOCUMENTATION_COMMENTS = YES;
				CLANG_WARN_EMPTY_BODY = YES;
				CLANG_WARN_ENUM_CONVERSION = YES;
				CLANG_WARN_INFINITE_RECURSION = YES;
				CLANG_WARN_INT_CONVERSION = YES;
				CLANG_WARN_NON_LITERAL_NULL_CONVERSION = YES;
				CLANG_WARN_OBJC_IMPLICIT_RETAIN_SELF = YES;
				CLANG_WARN_OBJC_LITERAL_CONVERSION = YES;
				CLANG_WARN_OBJC_ROOT_CLASS = YES_ERROR;
				CLANG_WARN_QUOTED_INCLUDE_IN_FRAMEWORK_HEADER = YES;
				CLANG_WARN_RANGE_LOOP_ANALYSIS = YES;
				CLANG_WARN_STRICT_PROTOTYPES = YES;
				CLANG_WARN_SUSPICIOUS_MOVE = YES;
				CLANG_WARN_UNGUARDED_AVAILABILITY = YES_AGGRESSIVE;
				CLANG_WARN_UNREACHABLE_CODE = YES;
				CLANG_WARN__DUPLICATE_METHOD_MATCH = YES;
				COPY_PHASE_STRIP = NO;
				DEBUG_INFORMATION_FORMAT = dwarf;
				ENABLE_STRICT_OBJC_MSGSEND = YES;
				ENABLE_TESTABILITY = YES;
				GCC_C_LANGUAGE_STANDARD = gnu11;
				GCC_DYNAMIC_NO_PIC = NO;
				GCC_NO_COMMON_BLOCKS = YES;
				GCC_OPTIMIZATION_LEVEL = 0;
				GCC_PREPROCESSOR_DEFINITIONS = (
					"DEBUG=1",
					"$(inherited)",
				);
				GCC_WARN_64_TO_32_BIT_CONVERSION = YES;
				GCC_WARN_ABOUT_RETURN_TYPE = YES_ERROR;
				GCC_WARN_UNDECLARED_SELECTOR = YES;
				GCC_WARN_UNINITIALIZED_AUTOS = YES_AGGRESSIVE;
				GCC_WARN_UNUSED_FUNCTION = YES;
				GCC_WARN_UNUSED_VARIABLE = YES;
				IPHONEOS_DEPLOYMENT_TARGET = 16.1;
				MTL_ENABLE_DEBUG_INFO = INCLUDE_SOURCE;
				MTL_FAST_MATH = YES;
				ONLY_ACTIVE_ARCH = YES;
				SDKROOT = iphoneos;
				SWIFT_ACTIVE_COMPILATION_CONDITIONS = DEBUG;
				SWIFT_OPTIMIZATION_LEVEL = "-Onone";
			};
			name = Debug;
		};
		C5648DF4295AA2E000322231 /* Release */ = {
			isa = XCBuildConfiguration;
			buildSettings = {
				ALWAYS_SEARCH_USER_PATHS = NO;
				CLANG_ANALYZER_NONNULL = YES;
				CLANG_ANALYZER_NUMBER_OBJECT_CONVERSION = YES_AGGRESSIVE;
				CLANG_CXX_LANGUAGE_STANDARD = "gnu++20";
				CLANG_ENABLE_MODULES = YES;
				CLANG_ENABLE_OBJC_ARC = YES;
				CLANG_ENABLE_OBJC_WEAK = YES;
				CLANG_WARN_BLOCK_CAPTURE_AUTORELEASING = YES;
				CLANG_WARN_BOOL_CONVERSION = YES;
				CLANG_WARN_COMMA = YES;
				CLANG_WARN_CONSTANT_CONVERSION = YES;
				CLANG_WARN_DEPRECATED_OBJC_IMPLEMENTATIONS = YES;
				CLANG_WARN_DIRECT_OBJC_ISA_USAGE = YES_ERROR;
				CLANG_WARN_DOCUMENTATION_COMMENTS = YES;
				CLANG_WARN_EMPTY_BODY = YES;
				CLANG_WARN_ENUM_CONVERSION = YES;
				CLANG_WARN_INFINITE_RECURSION = YES;
				CLANG_WARN_INT_CONVERSION = YES;
				CLANG_WARN_NON_LITERAL_NULL_CONVERSION = YES;
				CLANG_WARN_OBJC_IMPLICIT_RETAIN_SELF = YES;
				CLANG_WARN_OBJC_LITERAL_CONVERSION = YES;
				CLANG_WARN_OBJC_ROOT_CLASS = YES_ERROR;
				CLANG_WARN_QUOTED_INCLUDE_IN_FRAMEWORK_HEADER = YES;
				CLANG_WARN_RANGE_LOOP_ANALYSIS = YES;
				CLANG_WARN_STRICT_PROTOTYPES = YES;
				CLANG_WARN_SUSPICIOUS_MOVE = YES;
				CLANG_WARN_UNGUARDED_AVAILABILITY = YES_AGGRESSIVE;
				CLANG_WARN_UNREACHABLE_CODE = YES;
				CLANG_WARN__DUPLICATE_METHOD_MATCH = YES;
				COPY_PHASE_STRIP = NO;
				DEBUG_INFORMATION_FORMAT = "dwarf-with-dsym";
				ENABLE_NS_ASSERTIONS = NO;
				ENABLE_STRICT_OBJC_MSGSEND = YES;
				GCC_C_LANGUAGE_STANDARD = gnu11;
				GCC_NO_COMMON_BLOCKS = YES;
				GCC_WARN_64_TO_32_BIT_CONVERSION = YES;
				GCC_WARN_ABOUT_RETURN_TYPE = YES_ERROR;
				GCC_WARN_UNDECLARED_SELECTOR = YES;
				GCC_WARN_UNINITIALIZED_AUTOS = YES_AGGRESSIVE;
				GCC_WARN_UNUSED_FUNCTION = YES;
				GCC_WARN_UNUSED_VARIABLE = YES;
				IPHONEOS_DEPLOYMENT_TARGET = 16.1;
				MTL_ENABLE_DEBUG_INFO = NO;
				MTL_FAST_MATH = YES;
				SDKROOT = iphoneos;
				SWIFT_COMPILATION_MODE = wholemodule;
				SWIFT_OPTIMIZATION_LEVEL = "-O";
				VALIDATE_PRODUCT = YES;
			};
			name = Release;
		};
		C5648DF6295AA2E000322231 /* Debug */ = {
			isa = XCBuildConfiguration;
			buildSettings = {
				ASSETCATALOG_COMPILER_APPICON_NAME = AppIcon;
				ASSETCATALOG_COMPILER_GLOBAL_ACCENT_COLOR_NAME = AccentColor;
				CODE_SIGN_STYLE = Automatic;
				CURRENT_PROJECT_VERSION = 1;
				DEVELOPMENT_ASSET_PATHS = "\"SwiftUIStudy/Preview Content\"";
				DEVELOPMENT_TEAM = YULBA58FUP;
				ENABLE_PREVIEWS = YES;
				GENERATE_INFOPLIST_FILE = YES;
				INFOPLIST_KEY_UIApplicationSceneManifest_Generation = YES;
				INFOPLIST_KEY_UIApplicationSupportsIndirectInputEvents = YES;
				INFOPLIST_KEY_UILaunchScreen_Generation = YES;
				INFOPLIST_KEY_UISupportedInterfaceOrientations_iPad = "UIInterfaceOrientationPortrait UIInterfaceOrientationPortraitUpsideDown UIInterfaceOrientationLandscapeLeft UIInterfaceOrientationLandscapeRight";
				INFOPLIST_KEY_UISupportedInterfaceOrientations_iPhone = "UIInterfaceOrientationPortrait UIInterfaceOrientationLandscapeLeft UIInterfaceOrientationLandscapeRight";
				LD_RUNPATH_SEARCH_PATHS = (
					"$(inherited)",
					"@executable_path/Frameworks",
				);
				MARKETING_VERSION = 1.0;
				PRODUCT_BUNDLE_IDENTIFIER = DaeMin.Kang.SwiftUIStudy;
				PRODUCT_NAME = "$(TARGET_NAME)";
				SWIFT_EMIT_LOC_STRINGS = YES;
				SWIFT_VERSION = 5.0;
				TARGETED_DEVICE_FAMILY = "1,2";
			};
			name = Debug;
		};
		C5648DF7295AA2E000322231 /* Release */ = {
			isa = XCBuildConfiguration;
			buildSettings = {
				ASSETCATALOG_COMPILER_APPICON_NAME = AppIcon;
				ASSETCATALOG_COMPILER_GLOBAL_ACCENT_COLOR_NAME = AccentColor;
				CODE_SIGN_STYLE = Automatic;
				CURRENT_PROJECT_VERSION = 1;
				DEVELOPMENT_ASSET_PATHS = "\"SwiftUIStudy/Preview Content\"";
				DEVELOPMENT_TEAM = YULBA58FUP;
				ENABLE_PREVIEWS = YES;
				GENERATE_INFOPLIST_FILE = YES;
				INFOPLIST_KEY_UIApplicationSceneManifest_Generation = YES;
				INFOPLIST_KEY_UIApplicationSupportsIndirectInputEvents = YES;
				INFOPLIST_KEY_UILaunchScreen_Generation = YES;
				INFOPLIST_KEY_UISupportedInterfaceOrientations_iPad = "UIInterfaceOrientationPortrait UIInterfaceOrientationPortraitUpsideDown UIInterfaceOrientationLandscapeLeft UIInterfaceOrientationLandscapeRight";
				INFOPLIST_KEY_UISupportedInterfaceOrientations_iPhone = "UIInterfaceOrientationPortrait UIInterfaceOrientationLandscapeLeft UIInterfaceOrientationLandscapeRight";
				LD_RUNPATH_SEARCH_PATHS = (
					"$(inherited)",
					"@executable_path/Frameworks",
				);
				MARKETING_VERSION = 1.0;
				PRODUCT_BUNDLE_IDENTIFIER = DaeMin.Kang.SwiftUIStudy;
				PRODUCT_NAME = "$(TARGET_NAME)";
				SWIFT_EMIT_LOC_STRINGS = YES;
				SWIFT_VERSION = 5.0;
				TARGETED_DEVICE_FAMILY = "1,2";
			};
			name = Release;
		};
/* End XCBuildConfiguration section */

/* Begin XCConfigurationList section */
		C5648DE2295AA2DE00322231 /* Build configuration list for PBXProject "SwiftUIStudy" */ = {
			isa = XCConfigurationList;
			buildConfigurations = (
				C5648DF3295AA2E000322231 /* Debug */,
				C5648DF4295AA2E000322231 /* Release */,
			);
			defaultConfigurationIsVisible = 0;
			defaultConfigurationName = Release;
		};
		C5648DF5295AA2E000322231 /* Build configuration list for PBXNativeTarget "SwiftUIStudy" */ = {
			isa = XCConfigurationList;
			buildConfigurations = (
				C5648DF6295AA2E000322231 /* Debug */,
				C5648DF7295AA2E000322231 /* Release */,
			);
			defaultConfigurationIsVisible = 0;
			defaultConfigurationName = Release;
		};
/* End XCConfigurationList section */
	};
	rootObject = C5648DDF295AA2DE00322231 /* Project object */;
}
